// !$*UTF8*$!
{
	archiveVersion = 1;
	classes = {
	};
	objectVersion = 46;
	objects = {

/* Begin PBXBuildFile section */
		A80A89891BE0F59B00FE8F81 /* Destination.swift in Sources */ = {isa = PBXBuildFile; fileRef = A80A89881BE0F59B00FE8F81 /* Destination.swift */; };
		A80E06501BDBEFA7007066B3 /* ConsoleDestination.swift in Sources */ = {isa = PBXBuildFile; fileRef = A80E064F1BDBEFA7007066B3 /* ConsoleDestination.swift */; };
		A80E06511BDBEFA7007066B3 /* ConsoleDestination.swift in Sources */ = {isa = PBXBuildFile; fileRef = A80E064F1BDBEFA7007066B3 /* ConsoleDestination.swift */; };
		A80F91081BDBF40F00589C79 /* Slogger.swift in Sources */ = {isa = PBXBuildFile; fileRef = A83C79F01BD6639A00DA9F07 /* Slogger.swift */; };
		A826330E1BE1271600293716 /* TextFileDestination.swift in Sources */ = {isa = PBXBuildFile; fileRef = A826330D1BE1271600293716 /* TextFileDestination.swift */; };
		A826330F1BE1271600293716 /* TextFileDestination.swift in Sources */ = {isa = PBXBuildFile; fileRef = A826330D1BE1271600293716 /* TextFileDestination.swift */; };
		A82633101BE1271600293716 /* TextFileDestination.swift in Sources */ = {isa = PBXBuildFile; fileRef = A826330D1BE1271600293716 /* TextFileDestination.swift */; };
		A82633111BE1271600293716 /* TextFileDestination.swift in Sources */ = {isa = PBXBuildFile; fileRef = A826330D1BE1271600293716 /* TextFileDestination.swift */; };
		A82633121BE1271600293716 /* TextFileDestination.swift in Sources */ = {isa = PBXBuildFile; fileRef = A826330D1BE1271600293716 /* TextFileDestination.swift */; };
		A82F89561BEE902F003B0BBA /* XMLFileDestination.swift in Sources */ = {isa = PBXBuildFile; fileRef = A82F89551BEE902F003B0BBA /* XMLFileDestination.swift */; };
		A8304B771BEFA105005CE752 /* PerformanceTest.swift in Sources */ = {isa = PBXBuildFile; fileRef = A8304B761BEFA105005CE752 /* PerformanceTest.swift */; };
		A8304B781BEFA109005CE752 /* PerformanceTest.swift in Sources */ = {isa = PBXBuildFile; fileRef = A8304B761BEFA105005CE752 /* PerformanceTest.swift */; };
		A8304B791BEFA10A005CE752 /* PerformanceTest.swift in Sources */ = {isa = PBXBuildFile; fileRef = A8304B761BEFA105005CE752 /* PerformanceTest.swift */; };
		A8304B7A1BEFA10A005CE752 /* PerformanceTest.swift in Sources */ = {isa = PBXBuildFile; fileRef = A8304B761BEFA105005CE752 /* PerformanceTest.swift */; };
		A8304B7B1BEFA10B005CE752 /* PerformanceTest.swift in Sources */ = {isa = PBXBuildFile; fileRef = A8304B761BEFA105005CE752 /* PerformanceTest.swift */; };
		A83C59E61BED2F8D0037B847 /* AnsiDecorator.swift in Sources */ = {isa = PBXBuildFile; fileRef = A83C59E51BED2F8D0037B847 /* AnsiDecorator.swift */; };
		A83C59E71BED365F0037B847 /* AnsiDecorator.swift in Sources */ = {isa = PBXBuildFile; fileRef = A83C59E51BED2F8D0037B847 /* AnsiDecorator.swift */; };
		A83C59E81BED365F0037B847 /* AnsiDecorator.swift in Sources */ = {isa = PBXBuildFile; fileRef = A83C59E51BED2F8D0037B847 /* AnsiDecorator.swift */; };
		A83C59E91BED36600037B847 /* AnsiDecorator.swift in Sources */ = {isa = PBXBuildFile; fileRef = A83C59E51BED2F8D0037B847 /* AnsiDecorator.swift */; };
		A83C59EA1BED36610037B847 /* AnsiDecorator.swift in Sources */ = {isa = PBXBuildFile; fileRef = A83C59E51BED2F8D0037B847 /* AnsiDecorator.swift */; };
		A83C79DA1BD6636800DA9F07 /* Slogger.h in Headers */ = {isa = PBXBuildFile; fileRef = A83C79D91BD6636800DA9F07 /* Slogger.h */; settings = {ATTRIBUTES = (Public, ); }; };
		A83C79E11BD6636800DA9F07 /* Slogger.framework in Frameworks */ = {isa = PBXBuildFile; fileRef = A83C79D61BD6636800DA9F07 /* Slogger.framework */; };
		A83C79E61BD6636800DA9F07 /* SloggerTests.swift in Sources */ = {isa = PBXBuildFile; fileRef = A83C79E51BD6636800DA9F07 /* SloggerTests.swift */; };
		A83C79F11BD6639A00DA9F07 /* Slogger.swift in Sources */ = {isa = PBXBuildFile; fileRef = A83C79F01BD6639A00DA9F07 /* Slogger.swift */; };
		A845537A1BDC084D00678385 /* Color.swift in Sources */ = {isa = PBXBuildFile; fileRef = A84553791BDC084D00678385 /* Color.swift */; };
		A845537B1BDC085100678385 /* Color.swift in Sources */ = {isa = PBXBuildFile; fileRef = A84553791BDC084D00678385 /* Color.swift */; };
		A85019B51BEE7E9200FA6185 /* Generator.swift in Sources */ = {isa = PBXBuildFile; fileRef = A85019B41BEE7E9200FA6185 /* Generator.swift */; };
		A85019B61BEE7FEE00FA6185 /* Generator.swift in Sources */ = {isa = PBXBuildFile; fileRef = A85019B41BEE7E9200FA6185 /* Generator.swift */; };
		A85019B71BEE7FEF00FA6185 /* Generator.swift in Sources */ = {isa = PBXBuildFile; fileRef = A85019B41BEE7E9200FA6185 /* Generator.swift */; };
		A85019B81BEE7FEF00FA6185 /* Generator.swift in Sources */ = {isa = PBXBuildFile; fileRef = A85019B41BEE7E9200FA6185 /* Generator.swift */; };
		A85019B91BEE7FF000FA6185 /* Generator.swift in Sources */ = {isa = PBXBuildFile; fileRef = A85019B41BEE7E9200FA6185 /* Generator.swift */; };
		A85BFC471BDD4622008D1F1E /* SloggerOSX.h in Headers */ = {isa = PBXBuildFile; fileRef = A85BFC461BDD4622008D1F1E /* SloggerOSX.h */; settings = {ATTRIBUTES = (Public, ); }; };
		A85BFC4E1BDD4622008D1F1E /* SloggerOSX.framework in Frameworks */ = {isa = PBXBuildFile; fileRef = A85BFC441BDD4622008D1F1E /* SloggerOSX.framework */; };
		A85BFC5B1BDD46A6008D1F1E /* Slogger.swift in Sources */ = {isa = PBXBuildFile; fileRef = A83C79F01BD6639A00DA9F07 /* Slogger.swift */; };
		A85BFC5C1BDD46A6008D1F1E /* ConsoleDestination.swift in Sources */ = {isa = PBXBuildFile; fileRef = A80E064F1BDBEFA7007066B3 /* ConsoleDestination.swift */; };
		A85BFC5D1BDD46A6008D1F1E /* Color.swift in Sources */ = {isa = PBXBuildFile; fileRef = A84553791BDC084D00678385 /* Color.swift */; };
		A85BFC5E1BDD46A6008D1F1E /* XCodeColorsDecorator.swift in Sources */ = {isa = PBXBuildFile; fileRef = A8A53D9E1BDC2903009EA295 /* XCodeColorsDecorator.swift */; };
		A85BFC5F1BDD46A6008D1F1E /* MemoryDestination.swift in Sources */ = {isa = PBXBuildFile; fileRef = A86ED5B61BDD0C4F0065AF70 /* MemoryDestination.swift */; };
		A85BFC601BDD4725008D1F1E /* Slogger.swift in Sources */ = {isa = PBXBuildFile; fileRef = A83C79F01BD6639A00DA9F07 /* Slogger.swift */; };
		A85BFC611BDD472A008D1F1E /* ConsoleDestination.swift in Sources */ = {isa = PBXBuildFile; fileRef = A80E064F1BDBEFA7007066B3 /* ConsoleDestination.swift */; };
		A85BFC621BDD472A008D1F1E /* Color.swift in Sources */ = {isa = PBXBuildFile; fileRef = A84553791BDC084D00678385 /* Color.swift */; };
		A85BFC631BDD472A008D1F1E /* XCodeColorsDecorator.swift in Sources */ = {isa = PBXBuildFile; fileRef = A8A53D9E1BDC2903009EA295 /* XCodeColorsDecorator.swift */; };
		A85BFC641BDD472A008D1F1E /* MemoryDestination.swift in Sources */ = {isa = PBXBuildFile; fileRef = A86ED5B61BDD0C4F0065AF70 /* MemoryDestination.swift */; };
		A85BFC651BDD4739008D1F1E /* SloggerTests.swift in Sources */ = {isa = PBXBuildFile; fileRef = A83C79E51BD6636800DA9F07 /* SloggerTests.swift */; };
		A85BFC6E1BDD4B63008D1F1E /* SloggerWatch.h in Headers */ = {isa = PBXBuildFile; fileRef = A85BFC6D1BDD4B63008D1F1E /* SloggerWatch.h */; settings = {ATTRIBUTES = (Public, ); }; };
		A85BFC731BDD4B8B008D1F1E /* Slogger.swift in Sources */ = {isa = PBXBuildFile; fileRef = A83C79F01BD6639A00DA9F07 /* Slogger.swift */; };
		A85BFC741BDD4B8B008D1F1E /* ConsoleDestination.swift in Sources */ = {isa = PBXBuildFile; fileRef = A80E064F1BDBEFA7007066B3 /* ConsoleDestination.swift */; };
		A85BFC751BDD4B8B008D1F1E /* Color.swift in Sources */ = {isa = PBXBuildFile; fileRef = A84553791BDC084D00678385 /* Color.swift */; };
		A85BFC761BDD4B8B008D1F1E /* XCodeColorsDecorator.swift in Sources */ = {isa = PBXBuildFile; fileRef = A8A53D9E1BDC2903009EA295 /* XCodeColorsDecorator.swift */; };
		A85BFC771BDD4B8B008D1F1E /* MemoryDestination.swift in Sources */ = {isa = PBXBuildFile; fileRef = A86ED5B61BDD0C4F0065AF70 /* MemoryDestination.swift */; };
		A86ED5B71BDD0C4F0065AF70 /* MemoryDestination.swift in Sources */ = {isa = PBXBuildFile; fileRef = A86ED5B61BDD0C4F0065AF70 /* MemoryDestination.swift */; };
		A86ED5B81BDD0C4F0065AF70 /* MemoryDestination.swift in Sources */ = {isa = PBXBuildFile; fileRef = A86ED5B61BDD0C4F0065AF70 /* MemoryDestination.swift */; };
		A88E3A451BF22535006E3201 /* SloggerTestsObjC.m in Sources */ = {isa = PBXBuildFile; fileRef = A88E3A441BF22535006E3201 /* SloggerTestsObjC.m */; };
		A88E3A471BF22975006E3201 /* SloggerObjc.swift in Sources */ = {isa = PBXBuildFile; fileRef = A88E3A461BF22975006E3201 /* SloggerObjc.swift */; };
		A88E3A481BF22975006E3201 /* SloggerObjc.swift in Sources */ = {isa = PBXBuildFile; fileRef = A88E3A461BF22975006E3201 /* SloggerObjc.swift */; };
		A88E3A491BF22975006E3201 /* SloggerObjc.swift in Sources */ = {isa = PBXBuildFile; fileRef = A88E3A461BF22975006E3201 /* SloggerObjc.swift */; };
		A88E3A4A1BF22975006E3201 /* SloggerObjc.swift in Sources */ = {isa = PBXBuildFile; fileRef = A88E3A461BF22975006E3201 /* SloggerObjc.swift */; };
		A88E3A4B1BF22975006E3201 /* SloggerObjc.swift in Sources */ = {isa = PBXBuildFile; fileRef = A88E3A461BF22975006E3201 /* SloggerObjc.swift */; };
		A88E3A4C1BF23055006E3201 /* SloggerObjc.swift in Sources */ = {isa = PBXBuildFile; fileRef = A88E3A461BF22975006E3201 /* SloggerObjc.swift */; };
		A88E3A4D1BF23056006E3201 /* SloggerObjc.swift in Sources */ = {isa = PBXBuildFile; fileRef = A88E3A461BF22975006E3201 /* SloggerObjc.swift */; };
		A8A11D1E1BEE946F00EEEA2B /* XMLFileDestination.swift in Sources */ = {isa = PBXBuildFile; fileRef = A82F89551BEE902F003B0BBA /* XMLFileDestination.swift */; };
		A8A11D1F1BEE947000EEEA2B /* XMLFileDestination.swift in Sources */ = {isa = PBXBuildFile; fileRef = A82F89551BEE902F003B0BBA /* XMLFileDestination.swift */; };
		A8A11D201BEE947000EEEA2B /* XMLFileDestination.swift in Sources */ = {isa = PBXBuildFile; fileRef = A82F89551BEE902F003B0BBA /* XMLFileDestination.swift */; };
		A8A11D211BEE947100EEEA2B /* XMLFileDestination.swift in Sources */ = {isa = PBXBuildFile; fileRef = A82F89551BEE902F003B0BBA /* XMLFileDestination.swift */; };
		A8A11D271BEEF95D00EEEA2B /* CSVFileDestination.swift in Sources */ = {isa = PBXBuildFile; fileRef = A8A11D261BEEF95D00EEEA2B /* CSVFileDestination.swift */; };
		A8A11D2B1BEF068100EEEA2B /* CSVFileDestination.swift in Sources */ = {isa = PBXBuildFile; fileRef = A8A11D261BEEF95D00EEEA2B /* CSVFileDestination.swift */; };
		A8A11D2C1BEF068200EEEA2B /* CSVFileDestination.swift in Sources */ = {isa = PBXBuildFile; fileRef = A8A11D261BEEF95D00EEEA2B /* CSVFileDestination.swift */; };
		A8A11D2D1BEF068300EEEA2B /* CSVFileDestination.swift in Sources */ = {isa = PBXBuildFile; fileRef = A8A11D261BEEF95D00EEEA2B /* CSVFileDestination.swift */; };
		A8A11D2E1BEF068400EEEA2B /* CSVFileDestination.swift in Sources */ = {isa = PBXBuildFile; fileRef = A8A11D261BEEF95D00EEEA2B /* CSVFileDestination.swift */; };
		A8A11D301BEF07AA00EEEA2B /* TSVFileDestination.swift in Sources */ = {isa = PBXBuildFile; fileRef = A8A11D2F1BEF07AA00EEEA2B /* TSVFileDestination.swift */; };
		A8A11D311BEF087700EEEA2B /* TSVFileDestination.swift in Sources */ = {isa = PBXBuildFile; fileRef = A8A11D2F1BEF07AA00EEEA2B /* TSVFileDestination.swift */; };
		A8A11D321BEF087700EEEA2B /* TSVFileDestination.swift in Sources */ = {isa = PBXBuildFile; fileRef = A8A11D2F1BEF07AA00EEEA2B /* TSVFileDestination.swift */; };
		A8A11D331BEF087800EEEA2B /* TSVFileDestination.swift in Sources */ = {isa = PBXBuildFile; fileRef = A8A11D2F1BEF07AA00EEEA2B /* TSVFileDestination.swift */; };
		A8A11D341BEF087800EEEA2B /* TSVFileDestination.swift in Sources */ = {isa = PBXBuildFile; fileRef = A8A11D2F1BEF07AA00EEEA2B /* TSVFileDestination.swift */; };
		A8A53D9F1BDC2903009EA295 /* XCodeColorsDecorator.swift in Sources */ = {isa = PBXBuildFile; fileRef = A8A53D9E1BDC2903009EA295 /* XCodeColorsDecorator.swift */; };
		A8A53DA01BDC2C5D009EA295 /* XCodeColorsDecorator.swift in Sources */ = {isa = PBXBuildFile; fileRef = A8A53D9E1BDC2903009EA295 /* XCodeColorsDecorator.swift */; };
		A8A9DAEF1BE0FB25000A9351 /* Destination.swift in Sources */ = {isa = PBXBuildFile; fileRef = A80A89881BE0F59B00FE8F81 /* Destination.swift */; };
		A8A9DAF01BE0FB25000A9351 /* Destination.swift in Sources */ = {isa = PBXBuildFile; fileRef = A80A89881BE0F59B00FE8F81 /* Destination.swift */; };
		A8A9DAF11BE0FB26000A9351 /* Destination.swift in Sources */ = {isa = PBXBuildFile; fileRef = A80A89881BE0F59B00FE8F81 /* Destination.swift */; };
		A8A9DAF21BE0FB27000A9351 /* Destination.swift in Sources */ = {isa = PBXBuildFile; fileRef = A80A89881BE0F59B00FE8F81 /* Destination.swift */; };
		A8BD8C441BEFC61600349EDD /* SloggerTV.h in Headers */ = {isa = PBXBuildFile; fileRef = A8BD8C431BEFC61600349EDD /* SloggerTV.h */; settings = {ATTRIBUTES = (Public, ); }; };
		A8BD8C4B1BEFC61600349EDD /* SloggerTV.framework in Frameworks */ = {isa = PBXBuildFile; fileRef = A8BD8C411BEFC61600349EDD /* SloggerTV.framework */; };
		A8BD8C501BEFC61600349EDD /* SloggerTVTests.swift in Sources */ = {isa = PBXBuildFile; fileRef = A8BD8C4F1BEFC61600349EDD /* SloggerTVTests.swift */; };
		A8BD8C581BEFC65F00349EDD /* Generator.swift in Sources */ = {isa = PBXBuildFile; fileRef = A85019B41BEE7E9200FA6185 /* Generator.swift */; };
		A8BD8C591BEFC66000349EDD /* Generator.swift in Sources */ = {isa = PBXBuildFile; fileRef = A85019B41BEE7E9200FA6185 /* Generator.swift */; };
		A8BD8C5A1BEFC66400349EDD /* Color.swift in Sources */ = {isa = PBXBuildFile; fileRef = A84553791BDC084D00678385 /* Color.swift */; };
		A8BD8C5B1BEFC66400349EDD /* XCodeColorsDecorator.swift in Sources */ = {isa = PBXBuildFile; fileRef = A8A53D9E1BDC2903009EA295 /* XCodeColorsDecorator.swift */; };
		A8BD8C5C1BEFC66400349EDD /* AnsiDecorator.swift in Sources */ = {isa = PBXBuildFile; fileRef = A83C59E51BED2F8D0037B847 /* AnsiDecorator.swift */; };
		A8BD8C5D1BEFC66500349EDD /* Color.swift in Sources */ = {isa = PBXBuildFile; fileRef = A84553791BDC084D00678385 /* Color.swift */; };
		A8BD8C5E1BEFC66500349EDD /* XCodeColorsDecorator.swift in Sources */ = {isa = PBXBuildFile; fileRef = A8A53D9E1BDC2903009EA295 /* XCodeColorsDecorator.swift */; };
		A8BD8C5F1BEFC66500349EDD /* AnsiDecorator.swift in Sources */ = {isa = PBXBuildFile; fileRef = A83C59E51BED2F8D0037B847 /* AnsiDecorator.swift */; };
		A8BD8C601BEFC66A00349EDD /* Destination.swift in Sources */ = {isa = PBXBuildFile; fileRef = A80A89881BE0F59B00FE8F81 /* Destination.swift */; };
		A8BD8C611BEFC66A00349EDD /* ConsoleDestination.swift in Sources */ = {isa = PBXBuildFile; fileRef = A80E064F1BDBEFA7007066B3 /* ConsoleDestination.swift */; };
		A8BD8C621BEFC66A00349EDD /* MemoryDestination.swift in Sources */ = {isa = PBXBuildFile; fileRef = A86ED5B61BDD0C4F0065AF70 /* MemoryDestination.swift */; };
		A8BD8C631BEFC66A00349EDD /* TextFileDestination.swift in Sources */ = {isa = PBXBuildFile; fileRef = A826330D1BE1271600293716 /* TextFileDestination.swift */; };
		A8BD8C641BEFC66A00349EDD /* JSONFileDestination.swift in Sources */ = {isa = PBXBuildFile; fileRef = A8CF46BA1BEE4E270013D2C7 /* JSONFileDestination.swift */; };
		A8BD8C651BEFC66A00349EDD /* XMLFileDestination.swift in Sources */ = {isa = PBXBuildFile; fileRef = A82F89551BEE902F003B0BBA /* XMLFileDestination.swift */; };
		A8BD8C661BEFC66A00349EDD /* CSVFileDestination.swift in Sources */ = {isa = PBXBuildFile; fileRef = A8A11D261BEEF95D00EEEA2B /* CSVFileDestination.swift */; };
		A8BD8C671BEFC66A00349EDD /* TSVFileDestination.swift in Sources */ = {isa = PBXBuildFile; fileRef = A8A11D2F1BEF07AA00EEEA2B /* TSVFileDestination.swift */; };
		A8BD8C681BEFC66B00349EDD /* Destination.swift in Sources */ = {isa = PBXBuildFile; fileRef = A80A89881BE0F59B00FE8F81 /* Destination.swift */; };
		A8BD8C691BEFC66B00349EDD /* ConsoleDestination.swift in Sources */ = {isa = PBXBuildFile; fileRef = A80E064F1BDBEFA7007066B3 /* ConsoleDestination.swift */; };
		A8BD8C6A1BEFC66B00349EDD /* MemoryDestination.swift in Sources */ = {isa = PBXBuildFile; fileRef = A86ED5B61BDD0C4F0065AF70 /* MemoryDestination.swift */; };
		A8BD8C6B1BEFC66B00349EDD /* TextFileDestination.swift in Sources */ = {isa = PBXBuildFile; fileRef = A826330D1BE1271600293716 /* TextFileDestination.swift */; };
		A8BD8C6C1BEFC66B00349EDD /* JSONFileDestination.swift in Sources */ = {isa = PBXBuildFile; fileRef = A8CF46BA1BEE4E270013D2C7 /* JSONFileDestination.swift */; };
		A8BD8C6D1BEFC66B00349EDD /* XMLFileDestination.swift in Sources */ = {isa = PBXBuildFile; fileRef = A82F89551BEE902F003B0BBA /* XMLFileDestination.swift */; };
		A8BD8C6E1BEFC66B00349EDD /* CSVFileDestination.swift in Sources */ = {isa = PBXBuildFile; fileRef = A8A11D261BEEF95D00EEEA2B /* CSVFileDestination.swift */; };
		A8BD8C6F1BEFC66B00349EDD /* TSVFileDestination.swift in Sources */ = {isa = PBXBuildFile; fileRef = A8A11D2F1BEF07AA00EEEA2B /* TSVFileDestination.swift */; };
		A8BD8C701BEFC66F00349EDD /* PerformanceTest.swift in Sources */ = {isa = PBXBuildFile; fileRef = A8304B761BEFA105005CE752 /* PerformanceTest.swift */; };
		A8BD8C711BEFC66F00349EDD /* PerformanceTest.swift in Sources */ = {isa = PBXBuildFile; fileRef = A8304B761BEFA105005CE752 /* PerformanceTest.swift */; };
		A8BD8C721BEFC67300349EDD /* Slogger.swift in Sources */ = {isa = PBXBuildFile; fileRef = A83C79F01BD6639A00DA9F07 /* Slogger.swift */; };
		A8BD8C731BEFC67400349EDD /* Slogger.swift in Sources */ = {isa = PBXBuildFile; fileRef = A83C79F01BD6639A00DA9F07 /* Slogger.swift */; };
		A8CF46BB1BEE4E270013D2C7 /* JSONFileDestination.swift in Sources */ = {isa = PBXBuildFile; fileRef = A8CF46BA1BEE4E270013D2C7 /* JSONFileDestination.swift */; };
		A8CF46BC1BEE4E2A0013D2C7 /* JSONFileDestination.swift in Sources */ = {isa = PBXBuildFile; fileRef = A8CF46BA1BEE4E270013D2C7 /* JSONFileDestination.swift */; };
		A8CF46BD1BEE4E2B0013D2C7 /* JSONFileDestination.swift in Sources */ = {isa = PBXBuildFile; fileRef = A8CF46BA1BEE4E270013D2C7 /* JSONFileDestination.swift */; };
		A8CF46BE1BEE4E2B0013D2C7 /* JSONFileDestination.swift in Sources */ = {isa = PBXBuildFile; fileRef = A8CF46BA1BEE4E270013D2C7 /* JSONFileDestination.swift */; };
		A8CF46BF1BEE4E2C0013D2C7 /* JSONFileDestination.swift in Sources */ = {isa = PBXBuildFile; fileRef = A8CF46BA1BEE4E270013D2C7 /* JSONFileDestination.swift */; };
/* End PBXBuildFile section */

/* Begin PBXContainerItemProxy section */
		A83C79E21BD6636800DA9F07 /* PBXContainerItemProxy */ = {
			isa = PBXContainerItemProxy;
			containerPortal = A83C79CD1BD6636800DA9F07 /* Project object */;
			proxyType = 1;
			remoteGlobalIDString = A83C79D51BD6636800DA9F07;
			remoteInfo = Slogger;
		};
		A85BFC4F1BDD4622008D1F1E /* PBXContainerItemProxy */ = {
			isa = PBXContainerItemProxy;
			containerPortal = A83C79CD1BD6636800DA9F07 /* Project object */;
			proxyType = 1;
			remoteGlobalIDString = A85BFC431BDD4622008D1F1E;
			remoteInfo = SloggerOSX;
		};
		A8BD8C4C1BEFC61600349EDD /* PBXContainerItemProxy */ = {
			isa = PBXContainerItemProxy;
			containerPortal = A83C79CD1BD6636800DA9F07 /* Project object */;
			proxyType = 1;
			remoteGlobalIDString = A8BD8C401BEFC61600349EDD;
			remoteInfo = SloggerTV;
		};
/* End PBXContainerItemProxy section */

/* Begin PBXFileReference section */
		A80A89881BE0F59B00FE8F81 /* Destination.swift */ = {isa = PBXFileReference; fileEncoding = 4; lastKnownFileType = sourcecode.swift; path = Destination.swift; sourceTree = "<group>"; };
		A80E064F1BDBEFA7007066B3 /* ConsoleDestination.swift */ = {isa = PBXFileReference; fileEncoding = 4; lastKnownFileType = sourcecode.swift; path = ConsoleDestination.swift; sourceTree = "<group>"; };
		A826330D1BE1271600293716 /* TextFileDestination.swift */ = {isa = PBXFileReference; fileEncoding = 4; lastKnownFileType = sourcecode.swift; path = TextFileDestination.swift; sourceTree = "<group>"; };
		A82F89551BEE902F003B0BBA /* XMLFileDestination.swift */ = {isa = PBXFileReference; fileEncoding = 4; lastKnownFileType = sourcecode.swift; path = XMLFileDestination.swift; sourceTree = "<group>"; };
		A8304B761BEFA105005CE752 /* PerformanceTest.swift */ = {isa = PBXFileReference; fileEncoding = 4; lastKnownFileType = sourcecode.swift; path = PerformanceTest.swift; sourceTree = "<group>"; };
		A83C59E51BED2F8D0037B847 /* AnsiDecorator.swift */ = {isa = PBXFileReference; fileEncoding = 4; lastKnownFileType = sourcecode.swift; path = AnsiDecorator.swift; sourceTree = "<group>"; };
		A83C79D61BD6636800DA9F07 /* Slogger.framework */ = {isa = PBXFileReference; explicitFileType = wrapper.framework; includeInIndex = 0; path = Slogger.framework; sourceTree = BUILT_PRODUCTS_DIR; };
		A83C79D91BD6636800DA9F07 /* Slogger.h */ = {isa = PBXFileReference; lastKnownFileType = sourcecode.c.h; path = Slogger.h; sourceTree = "<group>"; };
		A83C79DB1BD6636800DA9F07 /* Info.plist */ = {isa = PBXFileReference; lastKnownFileType = text.plist.xml; path = Info.plist; sourceTree = "<group>"; };
		A83C79E01BD6636800DA9F07 /* SloggerTests.xctest */ = {isa = PBXFileReference; explicitFileType = wrapper.cfbundle; includeInIndex = 0; path = SloggerTests.xctest; sourceTree = BUILT_PRODUCTS_DIR; };
		A83C79E51BD6636800DA9F07 /* SloggerTests.swift */ = {isa = PBXFileReference; lastKnownFileType = sourcecode.swift; path = SloggerTests.swift; sourceTree = "<group>"; };
		A83C79E71BD6636800DA9F07 /* Info.plist */ = {isa = PBXFileReference; lastKnownFileType = text.plist.xml; path = Info.plist; sourceTree = "<group>"; };
		A83C79F01BD6639A00DA9F07 /* Slogger.swift */ = {isa = PBXFileReference; fileEncoding = 4; lastKnownFileType = sourcecode.swift; path = Slogger.swift; sourceTree = "<group>"; };
		A84553791BDC084D00678385 /* Color.swift */ = {isa = PBXFileReference; fileEncoding = 4; lastKnownFileType = sourcecode.swift; path = Color.swift; sourceTree = "<group>"; };
		A85019B41BEE7E9200FA6185 /* Generator.swift */ = {isa = PBXFileReference; fileEncoding = 4; lastKnownFileType = sourcecode.swift; path = Generator.swift; sourceTree = "<group>"; };
		A85BFC441BDD4622008D1F1E /* SloggerOSX.framework */ = {isa = PBXFileReference; explicitFileType = wrapper.framework; includeInIndex = 0; path = SloggerOSX.framework; sourceTree = BUILT_PRODUCTS_DIR; };
		A85BFC461BDD4622008D1F1E /* SloggerOSX.h */ = {isa = PBXFileReference; lastKnownFileType = sourcecode.c.h; path = SloggerOSX.h; sourceTree = "<group>"; };
		A85BFC481BDD4622008D1F1E /* Info.plist */ = {isa = PBXFileReference; lastKnownFileType = text.plist.xml; path = Info.plist; sourceTree = "<group>"; };
		A85BFC4D1BDD4622008D1F1E /* SloggerOSXTests.xctest */ = {isa = PBXFileReference; explicitFileType = wrapper.cfbundle; includeInIndex = 0; path = SloggerOSXTests.xctest; sourceTree = BUILT_PRODUCTS_DIR; };
		A85BFC541BDD4622008D1F1E /* Info.plist */ = {isa = PBXFileReference; lastKnownFileType = text.plist.xml; path = Info.plist; sourceTree = "<group>"; };
		A85BFC6B1BDD4B63008D1F1E /* SloggerWatch.framework */ = {isa = PBXFileReference; explicitFileType = wrapper.framework; includeInIndex = 0; path = SloggerWatch.framework; sourceTree = BUILT_PRODUCTS_DIR; };
		A85BFC6D1BDD4B63008D1F1E /* SloggerWatch.h */ = {isa = PBXFileReference; lastKnownFileType = sourcecode.c.h; path = SloggerWatch.h; sourceTree = "<group>"; };
		A85BFC6F1BDD4B63008D1F1E /* Info.plist */ = {isa = PBXFileReference; lastKnownFileType = text.plist.xml; path = Info.plist; sourceTree = "<group>"; };
		A86ED5B61BDD0C4F0065AF70 /* MemoryDestination.swift */ = {isa = PBXFileReference; fileEncoding = 4; lastKnownFileType = sourcecode.swift; path = MemoryDestination.swift; sourceTree = "<group>"; };
		A88E3A421BF22535006E3201 /* SloggerTests-Bridging-Header.h */ = {isa = PBXFileReference; lastKnownFileType = sourcecode.c.h; path = "SloggerTests-Bridging-Header.h"; sourceTree = "<group>"; };
		A88E3A431BF22535006E3201 /* SloggerTestsObjC.h */ = {isa = PBXFileReference; fileEncoding = 4; lastKnownFileType = sourcecode.c.h; path = SloggerTestsObjC.h; sourceTree = "<group>"; };
		A88E3A441BF22535006E3201 /* SloggerTestsObjC.m */ = {isa = PBXFileReference; fileEncoding = 4; lastKnownFileType = sourcecode.c.objc; path = SloggerTestsObjC.m; sourceTree = "<group>"; };
		A88E3A461BF22975006E3201 /* SloggerObjc.swift */ = {isa = PBXFileReference; fileEncoding = 4; lastKnownFileType = sourcecode.swift; path = SloggerObjc.swift; sourceTree = "<group>"; };
		A8A11D261BEEF95D00EEEA2B /* CSVFileDestination.swift */ = {isa = PBXFileReference; fileEncoding = 4; lastKnownFileType = sourcecode.swift; path = CSVFileDestination.swift; sourceTree = "<group>"; };
		A8A11D2F1BEF07AA00EEEA2B /* TSVFileDestination.swift */ = {isa = PBXFileReference; fileEncoding = 4; lastKnownFileType = sourcecode.swift; path = TSVFileDestination.swift; sourceTree = "<group>"; };
		A8A53D9E1BDC2903009EA295 /* XCodeColorsDecorator.swift */ = {isa = PBXFileReference; fileEncoding = 4; lastKnownFileType = sourcecode.swift; path = XCodeColorsDecorator.swift; sourceTree = "<group>"; };
		A8BD8C411BEFC61600349EDD /* SloggerTV.framework */ = {isa = PBXFileReference; explicitFileType = wrapper.framework; includeInIndex = 0; path = SloggerTV.framework; sourceTree = BUILT_PRODUCTS_DIR; };
		A8BD8C431BEFC61600349EDD /* SloggerTV.h */ = {isa = PBXFileReference; lastKnownFileType = sourcecode.c.h; path = SloggerTV.h; sourceTree = "<group>"; };
		A8BD8C451BEFC61600349EDD /* Info.plist */ = {isa = PBXFileReference; lastKnownFileType = text.plist.xml; path = Info.plist; sourceTree = "<group>"; };
		A8BD8C4A1BEFC61600349EDD /* SloggerTVTests.xctest */ = {isa = PBXFileReference; explicitFileType = wrapper.cfbundle; includeInIndex = 0; path = SloggerTVTests.xctest; sourceTree = BUILT_PRODUCTS_DIR; };
		A8BD8C4F1BEFC61600349EDD /* SloggerTVTests.swift */ = {isa = PBXFileReference; lastKnownFileType = sourcecode.swift; path = SloggerTVTests.swift; sourceTree = "<group>"; };
		A8BD8C511BEFC61600349EDD /* Info.plist */ = {isa = PBXFileReference; lastKnownFileType = text.plist.xml; path = Info.plist; sourceTree = "<group>"; };
		A8CF46BA1BEE4E270013D2C7 /* JSONFileDestination.swift */ = {isa = PBXFileReference; fileEncoding = 4; lastKnownFileType = sourcecode.swift; path = JSONFileDestination.swift; sourceTree = "<group>"; };
/* End PBXFileReference section */

/* Begin PBXFrameworksBuildPhase section */
		A83C79D21BD6636800DA9F07 /* Frameworks */ = {
			isa = PBXFrameworksBuildPhase;
			buildActionMask = 2147483647;
			files = (
			);
			runOnlyForDeploymentPostprocessing = 0;
		};
		A83C79DD1BD6636800DA9F07 /* Frameworks */ = {
			isa = PBXFrameworksBuildPhase;
			buildActionMask = 2147483647;
			files = (
				A83C79E11BD6636800DA9F07 /* Slogger.framework in Frameworks */,
			);
			runOnlyForDeploymentPostprocessing = 0;
		};
		A85BFC401BDD4622008D1F1E /* Frameworks */ = {
			isa = PBXFrameworksBuildPhase;
			buildActionMask = 2147483647;
			files = (
			);
			runOnlyForDeploymentPostprocessing = 0;
		};
		A85BFC4A1BDD4622008D1F1E /* Frameworks */ = {
			isa = PBXFrameworksBuildPhase;
			buildActionMask = 2147483647;
			files = (
				A85BFC4E1BDD4622008D1F1E /* SloggerOSX.framework in Frameworks */,
			);
			runOnlyForDeploymentPostprocessing = 0;
		};
		A85BFC671BDD4B63008D1F1E /* Frameworks */ = {
			isa = PBXFrameworksBuildPhase;
			buildActionMask = 2147483647;
			files = (
			);
			runOnlyForDeploymentPostprocessing = 0;
		};
		A8BD8C3D1BEFC61600349EDD /* Frameworks */ = {
			isa = PBXFrameworksBuildPhase;
			buildActionMask = 2147483647;
			files = (
			);
			runOnlyForDeploymentPostprocessing = 0;
		};
		A8BD8C471BEFC61600349EDD /* Frameworks */ = {
			isa = PBXFrameworksBuildPhase;
			buildActionMask = 2147483647;
			files = (
				A8BD8C4B1BEFC61600349EDD /* SloggerTV.framework in Frameworks */,
			);
			runOnlyForDeploymentPostprocessing = 0;
		};
/* End PBXFrameworksBuildPhase section */

/* Begin PBXGroup section */
		A80A898A1BE0F6B200FE8F81 /* Destinations */ = {
			isa = PBXGroup;
			children = (
				A80A89881BE0F59B00FE8F81 /* Destination.swift */,
				A80E064F1BDBEFA7007066B3 /* ConsoleDestination.swift */,
				A86ED5B61BDD0C4F0065AF70 /* MemoryDestination.swift */,
				A826330D1BE1271600293716 /* TextFileDestination.swift */,
				A8CF46BA1BEE4E270013D2C7 /* JSONFileDestination.swift */,
				A82F89551BEE902F003B0BBA /* XMLFileDestination.swift */,
				A8A11D261BEEF95D00EEEA2B /* CSVFileDestination.swift */,
				A8A11D2F1BEF07AA00EEEA2B /* TSVFileDestination.swift */,
			);
			name = Destinations;
			sourceTree = "<group>";
		};
		A826330C1BE126D500293716 /* Decorators */ = {
			isa = PBXGroup;
			children = (
				A84553791BDC084D00678385 /* Color.swift */,
				A8A53D9E1BDC2903009EA295 /* XCodeColorsDecorator.swift */,
				A83C59E51BED2F8D0037B847 /* AnsiDecorator.swift */,
			);
			name = Decorators;
			sourceTree = "<group>";
		};
		A8304B751BEFA097005CE752 /* Performance */ = {
			isa = PBXGroup;
			children = (
				A8304B761BEFA105005CE752 /* PerformanceTest.swift */,
			);
			name = Performance;
			sourceTree = "<group>";
		};
		A83C79CC1BD6636800DA9F07 = {
			isa = PBXGroup;
			children = (
				A83C79D81BD6636800DA9F07 /* Slogger */,
				A83C79E41BD6636800DA9F07 /* SloggerTests */,
				A85BFC451BDD4622008D1F1E /* SloggerOSX */,
				A85BFC511BDD4622008D1F1E /* SloggerOSXTests */,
				A85BFC6C1BDD4B63008D1F1E /* SloggerWatch */,
				A8BD8C421BEFC61600349EDD /* SloggerTV */,
				A8BD8C4E1BEFC61600349EDD /* SloggerTVTests */,
				A83C79D71BD6636800DA9F07 /* Products */,
			);
			sourceTree = "<group>";
		};
		A83C79D71BD6636800DA9F07 /* Products */ = {
			isa = PBXGroup;
			children = (
				A83C79D61BD6636800DA9F07 /* Slogger.framework */,
				A83C79E01BD6636800DA9F07 /* SloggerTests.xctest */,
				A85BFC441BDD4622008D1F1E /* SloggerOSX.framework */,
				A85BFC4D1BDD4622008D1F1E /* SloggerOSXTests.xctest */,
				A85BFC6B1BDD4B63008D1F1E /* SloggerWatch.framework */,
				A8BD8C411BEFC61600349EDD /* SloggerTV.framework */,
				A8BD8C4A1BEFC61600349EDD /* SloggerTVTests.xctest */,
			);
			name = Products;
			sourceTree = "<group>";
		};
		A83C79D81BD6636800DA9F07 /* Slogger */ = {
			isa = PBXGroup;
			children = (
				A85019BA1BEE800700FA6185 /* Generators */,
				A826330C1BE126D500293716 /* Decorators */,
				A80A898A1BE0F6B200FE8F81 /* Destinations */,
				A8304B751BEFA097005CE752 /* Performance */,
				A83C79F01BD6639A00DA9F07 /* Slogger.swift */,
				A83C79DB1BD6636800DA9F07 /* Info.plist */,
				A83C79D91BD6636800DA9F07 /* Slogger.h */,
				A88E3A461BF22975006E3201 /* SloggerObjc.swift */,
			);
			path = Slogger;
			sourceTree = "<group>";
		};
		A83C79E41BD6636800DA9F07 /* SloggerTests */ = {
			isa = PBXGroup;
			children = (
				A83C79E51BD6636800DA9F07 /* SloggerTests.swift */,
				A83C79E71BD6636800DA9F07 /* Info.plist */,
				A88E3A431BF22535006E3201 /* SloggerTestsObjC.h */,
				A88E3A441BF22535006E3201 /* SloggerTestsObjC.m */,
				A88E3A421BF22535006E3201 /* SloggerTests-Bridging-Header.h */,
			);
			path = SloggerTests;
			sourceTree = "<group>";
		};
		A85019BA1BEE800700FA6185 /* Generators */ = {
			isa = PBXGroup;
			children = (
				A85019B41BEE7E9200FA6185 /* Generator.swift */,
			);
			name = Generators;
			sourceTree = "<group>";
		};
		A85BFC451BDD4622008D1F1E /* SloggerOSX */ = {
			isa = PBXGroup;
			children = (
				A85BFC461BDD4622008D1F1E /* SloggerOSX.h */,
				A85BFC481BDD4622008D1F1E /* Info.plist */,
			);
			path = SloggerOSX;
			sourceTree = "<group>";
		};
		A85BFC511BDD4622008D1F1E /* SloggerOSXTests */ = {
			isa = PBXGroup;
			children = (
				A85BFC541BDD4622008D1F1E /* Info.plist */,
			);
			path = SloggerOSXTests;
			sourceTree = "<group>";
		};
		A85BFC6C1BDD4B63008D1F1E /* SloggerWatch */ = {
			isa = PBXGroup;
			children = (
				A85BFC6D1BDD4B63008D1F1E /* SloggerWatch.h */,
				A85BFC6F1BDD4B63008D1F1E /* Info.plist */,
			);
			path = SloggerWatch;
			sourceTree = "<group>";
		};
		A8BD8C421BEFC61600349EDD /* SloggerTV */ = {
			isa = PBXGroup;
			children = (
				A8BD8C431BEFC61600349EDD /* SloggerTV.h */,
				A8BD8C451BEFC61600349EDD /* Info.plist */,
			);
			path = SloggerTV;
			sourceTree = "<group>";
		};
		A8BD8C4E1BEFC61600349EDD /* SloggerTVTests */ = {
			isa = PBXGroup;
			children = (
				A8BD8C4F1BEFC61600349EDD /* SloggerTVTests.swift */,
				A8BD8C511BEFC61600349EDD /* Info.plist */,
			);
			path = SloggerTVTests;
			sourceTree = "<group>";
		};
/* End PBXGroup section */

/* Begin PBXHeadersBuildPhase section */
		A83C79D31BD6636800DA9F07 /* Headers */ = {
			isa = PBXHeadersBuildPhase;
			buildActionMask = 2147483647;
			files = (
				A83C79DA1BD6636800DA9F07 /* Slogger.h in Headers */,
			);
			runOnlyForDeploymentPostprocessing = 0;
		};
		A85BFC411BDD4622008D1F1E /* Headers */ = {
			isa = PBXHeadersBuildPhase;
			buildActionMask = 2147483647;
			files = (
				A85BFC471BDD4622008D1F1E /* SloggerOSX.h in Headers */,
			);
			runOnlyForDeploymentPostprocessing = 0;
		};
		A85BFC681BDD4B63008D1F1E /* Headers */ = {
			isa = PBXHeadersBuildPhase;
			buildActionMask = 2147483647;
			files = (
				A85BFC6E1BDD4B63008D1F1E /* SloggerWatch.h in Headers */,
			);
			runOnlyForDeploymentPostprocessing = 0;
		};
		A8BD8C3E1BEFC61600349EDD /* Headers */ = {
			isa = PBXHeadersBuildPhase;
			buildActionMask = 2147483647;
			files = (
				A8BD8C441BEFC61600349EDD /* SloggerTV.h in Headers */,
			);
			runOnlyForDeploymentPostprocessing = 0;
		};
/* End PBXHeadersBuildPhase section */

/* Begin PBXNativeTarget section */
		A83C79D51BD6636800DA9F07 /* Slogger */ = {
			isa = PBXNativeTarget;
			buildConfigurationList = A83C79EA1BD6636800DA9F07 /* Build configuration list for PBXNativeTarget "Slogger" */;
			buildPhases = (
				A83C79D11BD6636800DA9F07 /* Sources */,
				A83C79D21BD6636800DA9F07 /* Frameworks */,
				A83C79D31BD6636800DA9F07 /* Headers */,
				A83C79D41BD6636800DA9F07 /* Resources */,
			);
			buildRules = (
			);
			dependencies = (
			);
			name = Slogger;
			productName = Slogger;
			productReference = A83C79D61BD6636800DA9F07 /* Slogger.framework */;
			productType = "com.apple.product-type.framework";
		};
		A83C79DF1BD6636800DA9F07 /* SloggerTests */ = {
			isa = PBXNativeTarget;
			buildConfigurationList = A83C79ED1BD6636800DA9F07 /* Build configuration list for PBXNativeTarget "SloggerTests" */;
			buildPhases = (
				A83C79DC1BD6636800DA9F07 /* Sources */,
				A83C79DD1BD6636800DA9F07 /* Frameworks */,
				A83C79DE1BD6636800DA9F07 /* Resources */,
			);
			buildRules = (
			);
			dependencies = (
				A83C79E31BD6636800DA9F07 /* PBXTargetDependency */,
			);
			name = SloggerTests;
			productName = SloggerTests;
			productReference = A83C79E01BD6636800DA9F07 /* SloggerTests.xctest */;
			productType = "com.apple.product-type.bundle.unit-test";
		};
		A85BFC431BDD4622008D1F1E /* SloggerOSX */ = {
			isa = PBXNativeTarget;
			buildConfigurationList = A85BFC591BDD4622008D1F1E /* Build configuration list for PBXNativeTarget "SloggerOSX" */;
			buildPhases = (
				A85BFC3F1BDD4622008D1F1E /* Sources */,
				A85BFC401BDD4622008D1F1E /* Frameworks */,
				A85BFC411BDD4622008D1F1E /* Headers */,
				A85BFC421BDD4622008D1F1E /* Resources */,
			);
			buildRules = (
			);
			dependencies = (
			);
			name = SloggerOSX;
			productName = SloggerOSX;
			productReference = A85BFC441BDD4622008D1F1E /* SloggerOSX.framework */;
			productType = "com.apple.product-type.framework";
		};
		A85BFC4C1BDD4622008D1F1E /* SloggerOSXTests */ = {
			isa = PBXNativeTarget;
			buildConfigurationList = A85BFC5A1BDD4622008D1F1E /* Build configuration list for PBXNativeTarget "SloggerOSXTests" */;
			buildPhases = (
				A85BFC491BDD4622008D1F1E /* Sources */,
				A85BFC4A1BDD4622008D1F1E /* Frameworks */,
				A85BFC4B1BDD4622008D1F1E /* Resources */,
			);
			buildRules = (
			);
			dependencies = (
				A85BFC501BDD4622008D1F1E /* PBXTargetDependency */,
			);
			name = SloggerOSXTests;
			productName = SloggerOSXTests;
			productReference = A85BFC4D1BDD4622008D1F1E /* SloggerOSXTests.xctest */;
			productType = "com.apple.product-type.bundle.unit-test";
		};
		A85BFC6A1BDD4B63008D1F1E /* SloggerWatch */ = {
			isa = PBXNativeTarget;
			buildConfigurationList = A85BFC701BDD4B63008D1F1E /* Build configuration list for PBXNativeTarget "SloggerWatch" */;
			buildPhases = (
				A85BFC661BDD4B63008D1F1E /* Sources */,
				A85BFC671BDD4B63008D1F1E /* Frameworks */,
				A85BFC681BDD4B63008D1F1E /* Headers */,
				A85BFC691BDD4B63008D1F1E /* Resources */,
			);
			buildRules = (
			);
			dependencies = (
			);
			name = SloggerWatch;
			productName = SloggerWatch;
			productReference = A85BFC6B1BDD4B63008D1F1E /* SloggerWatch.framework */;
			productType = "com.apple.product-type.framework";
		};
		A8BD8C401BEFC61600349EDD /* SloggerTV */ = {
			isa = PBXNativeTarget;
			buildConfigurationList = A8BD8C521BEFC61600349EDD /* Build configuration list for PBXNativeTarget "SloggerTV" */;
			buildPhases = (
				A8BD8C3C1BEFC61600349EDD /* Sources */,
				A8BD8C3D1BEFC61600349EDD /* Frameworks */,
				A8BD8C3E1BEFC61600349EDD /* Headers */,
				A8BD8C3F1BEFC61600349EDD /* Resources */,
			);
			buildRules = (
			);
			dependencies = (
			);
			name = SloggerTV;
			productName = SloggerTV;
			productReference = A8BD8C411BEFC61600349EDD /* SloggerTV.framework */;
			productType = "com.apple.product-type.framework";
		};
		A8BD8C491BEFC61600349EDD /* SloggerTVTests */ = {
			isa = PBXNativeTarget;
			buildConfigurationList = A8BD8C551BEFC61600349EDD /* Build configuration list for PBXNativeTarget "SloggerTVTests" */;
			buildPhases = (
				A8BD8C461BEFC61600349EDD /* Sources */,
				A8BD8C471BEFC61600349EDD /* Frameworks */,
				A8BD8C481BEFC61600349EDD /* Resources */,
			);
			buildRules = (
			);
			dependencies = (
				A8BD8C4D1BEFC61600349EDD /* PBXTargetDependency */,
			);
			name = SloggerTVTests;
			productName = SloggerTVTests;
			productReference = A8BD8C4A1BEFC61600349EDD /* SloggerTVTests.xctest */;
			productType = "com.apple.product-type.bundle.unit-test";
		};
/* End PBXNativeTarget section */

/* Begin PBXProject section */
		A83C79CD1BD6636800DA9F07 /* Project object */ = {
			isa = PBXProject;
			attributes = {
				LastSwiftUpdateCheck = 0710;
				LastUpgradeCheck = 0800;
				ORGANIZATIONNAME = "David Goodine";
				TargetAttributes = {
					A83C79D51BD6636800DA9F07 = {
						CreatedOnToolsVersion = 7.0.1;
						DevelopmentTeam = 4G72T9YLHA;
						LastSwiftMigration = 0800;
					};
					A83C79DF1BD6636800DA9F07 = {
						CreatedOnToolsVersion = 7.0.1;
						DevelopmentTeam = 4G72T9YLHA;
						LastSwiftMigration = 0800;
						ProvisioningStyle = Automatic;
					};
					A85BFC431BDD4622008D1F1E = {
						CreatedOnToolsVersion = 7.1;
						DevelopmentTeam = 4G72T9YLHA;
						LastSwiftMigration = 0800;
						ProvisioningStyle = Automatic;
					};
					A85BFC4C1BDD4622008D1F1E = {
						CreatedOnToolsVersion = 7.1;
						DevelopmentTeam = 4G72T9YLHA;
						LastSwiftMigration = 0800;
						ProvisioningStyle = Automatic;
					};
					A85BFC6A1BDD4B63008D1F1E = {
						CreatedOnToolsVersion = 7.1;
						DevelopmentTeam = 4G72T9YLHA;
						LastSwiftMigration = 0800;
						ProvisioningStyle = Automatic;
					};
					A8BD8C401BEFC61600349EDD = {
						CreatedOnToolsVersion = 7.1;
						DevelopmentTeam = 4G72T9YLHA;
						LastSwiftMigration = 0800;
						ProvisioningStyle = Automatic;
					};
					A8BD8C491BEFC61600349EDD = {
						CreatedOnToolsVersion = 7.1;
						DevelopmentTeam = 4G72T9YLHA;
						LastSwiftMigration = 0800;
					};
				};
			};
			buildConfigurationList = A83C79D01BD6636800DA9F07 /* Build configuration list for PBXProject "Slogger" */;
			compatibilityVersion = "Xcode 3.2";
			developmentRegion = English;
			hasScannedForEncodings = 0;
			knownRegions = (
				en,
			);
			mainGroup = A83C79CC1BD6636800DA9F07;
			productRefGroup = A83C79D71BD6636800DA9F07 /* Products */;
			projectDirPath = "";
			projectRoot = "";
			targets = (
				A83C79D51BD6636800DA9F07 /* Slogger */,
				A83C79DF1BD6636800DA9F07 /* SloggerTests */,
				A85BFC431BDD4622008D1F1E /* SloggerOSX */,
				A85BFC4C1BDD4622008D1F1E /* SloggerOSXTests */,
				A85BFC6A1BDD4B63008D1F1E /* SloggerWatch */,
				A8BD8C401BEFC61600349EDD /* SloggerTV */,
				A8BD8C491BEFC61600349EDD /* SloggerTVTests */,
			);
		};
/* End PBXProject section */

/* Begin PBXResourcesBuildPhase section */
		A83C79D41BD6636800DA9F07 /* Resources */ = {
			isa = PBXResourcesBuildPhase;
			buildActionMask = 2147483647;
			files = (
			);
			runOnlyForDeploymentPostprocessing = 0;
		};
		A83C79DE1BD6636800DA9F07 /* Resources */ = {
			isa = PBXResourcesBuildPhase;
			buildActionMask = 2147483647;
			files = (
			);
			runOnlyForDeploymentPostprocessing = 0;
		};
		A85BFC421BDD4622008D1F1E /* Resources */ = {
			isa = PBXResourcesBuildPhase;
			buildActionMask = 2147483647;
			files = (
			);
			runOnlyForDeploymentPostprocessing = 0;
		};
		A85BFC4B1BDD4622008D1F1E /* Resources */ = {
			isa = PBXResourcesBuildPhase;
			buildActionMask = 2147483647;
			files = (
			);
			runOnlyForDeploymentPostprocessing = 0;
		};
		A85BFC691BDD4B63008D1F1E /* Resources */ = {
			isa = PBXResourcesBuildPhase;
			buildActionMask = 2147483647;
			files = (
			);
			runOnlyForDeploymentPostprocessing = 0;
		};
		A8BD8C3F1BEFC61600349EDD /* Resources */ = {
			isa = PBXResourcesBuildPhase;
			buildActionMask = 2147483647;
			files = (
			);
			runOnlyForDeploymentPostprocessing = 0;
		};
		A8BD8C481BEFC61600349EDD /* Resources */ = {
			isa = PBXResourcesBuildPhase;
			buildActionMask = 2147483647;
			files = (
			);
			runOnlyForDeploymentPostprocessing = 0;
		};
/* End PBXResourcesBuildPhase section */

/* Begin PBXSourcesBuildPhase section */
		A83C79D11BD6636800DA9F07 /* Sources */ = {
			isa = PBXSourcesBuildPhase;
			buildActionMask = 2147483647;
			files = (
				A83C79F11BD6639A00DA9F07 /* Slogger.swift in Sources */,
				A8A53D9F1BDC2903009EA295 /* XCodeColorsDecorator.swift in Sources */,
				A83C59E61BED2F8D0037B847 /* AnsiDecorator.swift in Sources */,
				A80E06501BDBEFA7007066B3 /* ConsoleDestination.swift in Sources */,
				A8A11D271BEEF95D00EEEA2B /* CSVFileDestination.swift in Sources */,
				A86ED5B71BDD0C4F0065AF70 /* MemoryDestination.swift in Sources */,
				A82F89561BEE902F003B0BBA /* XMLFileDestination.swift in Sources */,
				A845537A1BDC084D00678385 /* Color.swift in Sources */,
				A88E3A471BF22975006E3201 /* SloggerObjc.swift in Sources */,
				A826330E1BE1271600293716 /* TextFileDestination.swift in Sources */,
				A85019B51BEE7E9200FA6185 /* Generator.swift in Sources */,
				A8CF46BB1BEE4E270013D2C7 /* JSONFileDestination.swift in Sources */,
				A8A11D301BEF07AA00EEEA2B /* TSVFileDestination.swift in Sources */,
				A8304B771BEFA105005CE752 /* PerformanceTest.swift in Sources */,
				A80A89891BE0F59B00FE8F81 /* Destination.swift in Sources */,
			);
			runOnlyForDeploymentPostprocessing = 0;
		};
		A83C79DC1BD6636800DA9F07 /* Sources */ = {
			isa = PBXSourcesBuildPhase;
			buildActionMask = 2147483647;
			files = (
				A8304B781BEFA109005CE752 /* PerformanceTest.swift in Sources */,
				A88E3A451BF22535006E3201 /* SloggerTestsObjC.m in Sources */,
				A83C79E61BD6636800DA9F07 /* SloggerTests.swift in Sources */,
				A86ED5B81BDD0C4F0065AF70 /* MemoryDestination.swift in Sources */,
				A826330F1BE1271600293716 /* TextFileDestination.swift in Sources */,
				A8A11D311BEF087700EEEA2B /* TSVFileDestination.swift in Sources */,
				A845537B1BDC085100678385 /* Color.swift in Sources */,
				A83C59E71BED365F0037B847 /* AnsiDecorator.swift in Sources */,
				A80F91081BDBF40F00589C79 /* Slogger.swift in Sources */,
				A8CF46BC1BEE4E2A0013D2C7 /* JSONFileDestination.swift in Sources */,
				A8A11D2C1BEF068200EEEA2B /* CSVFileDestination.swift in Sources */,
				A8A11D1E1BEE946F00EEEA2B /* XMLFileDestination.swift in Sources */,
				A88E3A481BF22975006E3201 /* SloggerObjc.swift in Sources */,
				A80E06511BDBEFA7007066B3 /* ConsoleDestination.swift in Sources */,
				A8A53DA01BDC2C5D009EA295 /* XCodeColorsDecorator.swift in Sources */,
				A8A9DAEF1BE0FB25000A9351 /* Destination.swift in Sources */,
				A85019B61BEE7FEE00FA6185 /* Generator.swift in Sources */,
			);
			runOnlyForDeploymentPostprocessing = 0;
		};
		A85BFC3F1BDD4622008D1F1E /* Sources */ = {
			isa = PBXSourcesBuildPhase;
			buildActionMask = 2147483647;
			files = (
				A85BFC5B1BDD46A6008D1F1E /* Slogger.swift in Sources */,
				A85BFC5C1BDD46A6008D1F1E /* ConsoleDestination.swift in Sources */,
				A83C59E81BED365F0037B847 /* AnsiDecorator.swift in Sources */,
				A85BFC5D1BDD46A6008D1F1E /* Color.swift in Sources */,
				A8A11D2B1BEF068100EEEA2B /* CSVFileDestination.swift in Sources */,
				A85BFC5E1BDD46A6008D1F1E /* XCodeColorsDecorator.swift in Sources */,
				A8A11D1F1BEE947000EEEA2B /* XMLFileDestination.swift in Sources */,
				A85BFC5F1BDD46A6008D1F1E /* MemoryDestination.swift in Sources */,
				A88E3A491BF22975006E3201 /* SloggerObjc.swift in Sources */,
				A82633101BE1271600293716 /* TextFileDestination.swift in Sources */,
				A85019B71BEE7FEF00FA6185 /* Generator.swift in Sources */,
				A8CF46BD1BEE4E2B0013D2C7 /* JSONFileDestination.swift in Sources */,
				A8A11D321BEF087700EEEA2B /* TSVFileDestination.swift in Sources */,
				A8304B791BEFA10A005CE752 /* PerformanceTest.swift in Sources */,
				A8A9DAF01BE0FB25000A9351 /* Destination.swift in Sources */,
			);
			runOnlyForDeploymentPostprocessing = 0;
		};
		A85BFC491BDD4622008D1F1E /* Sources */ = {
			isa = PBXSourcesBuildPhase;
			buildActionMask = 2147483647;
			files = (
				A8304B7A1BEFA10A005CE752 /* PerformanceTest.swift in Sources */,
				A85BFC611BDD472A008D1F1E /* ConsoleDestination.swift in Sources */,
				A85BFC651BDD4739008D1F1E /* SloggerTests.swift in Sources */,
				A82633111BE1271600293716 /* TextFileDestination.swift in Sources */,
				A8A11D331BEF087800EEEA2B /* TSVFileDestination.swift in Sources */,
				A85BFC621BDD472A008D1F1E /* Color.swift in Sources */,
				A83C59E91BED36600037B847 /* AnsiDecorator.swift in Sources */,
				A85BFC641BDD472A008D1F1E /* MemoryDestination.swift in Sources */,
				A8CF46BE1BEE4E2B0013D2C7 /* JSONFileDestination.swift in Sources */,
				A8A11D2D1BEF068300EEEA2B /* CSVFileDestination.swift in Sources */,
				A8A11D201BEE947000EEEA2B /* XMLFileDestination.swift in Sources */,
				A85BFC601BDD4725008D1F1E /* Slogger.swift in Sources */,
				A85BFC631BDD472A008D1F1E /* XCodeColorsDecorator.swift in Sources */,
				A88E3A4A1BF22975006E3201 /* SloggerObjc.swift in Sources */,
				A8A9DAF11BE0FB26000A9351 /* Destination.swift in Sources */,
				A85019B81BEE7FEF00FA6185 /* Generator.swift in Sources */,
			);
			runOnlyForDeploymentPostprocessing = 0;
		};
		A85BFC661BDD4B63008D1F1E /* Sources */ = {
			isa = PBXSourcesBuildPhase;
			buildActionMask = 2147483647;
			files = (
				A85BFC771BDD4B8B008D1F1E /* MemoryDestination.swift in Sources */,
				A85BFC741BDD4B8B008D1F1E /* ConsoleDestination.swift in Sources */,
				A83C59EA1BED36610037B847 /* AnsiDecorator.swift in Sources */,
				A85BFC761BDD4B8B008D1F1E /* XCodeColorsDecorator.swift in Sources */,
				A8A11D2E1BEF068400EEEA2B /* CSVFileDestination.swift in Sources */,
				A85BFC731BDD4B8B008D1F1E /* Slogger.swift in Sources */,
				A8A11D211BEE947100EEEA2B /* XMLFileDestination.swift in Sources */,
				A85BFC751BDD4B8B008D1F1E /* Color.swift in Sources */,
				A88E3A4B1BF22975006E3201 /* SloggerObjc.swift in Sources */,
				A82633121BE1271600293716 /* TextFileDestination.swift in Sources */,
				A85019B91BEE7FF000FA6185 /* Generator.swift in Sources */,
				A8CF46BF1BEE4E2C0013D2C7 /* JSONFileDestination.swift in Sources */,
				A8A11D341BEF087800EEEA2B /* TSVFileDestination.swift in Sources */,
				A8304B7B1BEFA10B005CE752 /* PerformanceTest.swift in Sources */,
				A8A9DAF21BE0FB27000A9351 /* Destination.swift in Sources */,
			);
			runOnlyForDeploymentPostprocessing = 0;
		};
		A8BD8C3C1BEFC61600349EDD /* Sources */ = {
			isa = PBXSourcesBuildPhase;
			buildActionMask = 2147483647;
			files = (
				A8BD8C621BEFC66A00349EDD /* MemoryDestination.swift in Sources */,
				A8BD8C611BEFC66A00349EDD /* ConsoleDestination.swift in Sources */,
				A8BD8C651BEFC66A00349EDD /* XMLFileDestination.swift in Sources */,
				A8BD8C5C1BEFC66400349EDD /* AnsiDecorator.swift in Sources */,
				A8BD8C631BEFC66A00349EDD /* TextFileDestination.swift in Sources */,
				A8BD8C721BEFC67300349EDD /* Slogger.swift in Sources */,
				A8BD8C581BEFC65F00349EDD /* Generator.swift in Sources */,
				A8BD8C671BEFC66A00349EDD /* TSVFileDestination.swift in Sources */,
				A88E3A4C1BF23055006E3201 /* SloggerObjc.swift in Sources */,
				A8BD8C661BEFC66A00349EDD /* CSVFileDestination.swift in Sources */,
				A8BD8C641BEFC66A00349EDD /* JSONFileDestination.swift in Sources */,
				A8BD8C701BEFC66F00349EDD /* PerformanceTest.swift in Sources */,
				A8BD8C601BEFC66A00349EDD /* Destination.swift in Sources */,
				A8BD8C5A1BEFC66400349EDD /* Color.swift in Sources */,
				A8BD8C5B1BEFC66400349EDD /* XCodeColorsDecorator.swift in Sources */,
			);
			runOnlyForDeploymentPostprocessing = 0;
		};
		A8BD8C461BEFC61600349EDD /* Sources */ = {
			isa = PBXSourcesBuildPhase;
			buildActionMask = 2147483647;
			files = (
				A8BD8C6F1BEFC66B00349EDD /* TSVFileDestination.swift in Sources */,
				A8BD8C501BEFC61600349EDD /* SloggerTVTests.swift in Sources */,
				A8BD8C6E1BEFC66B00349EDD /* CSVFileDestination.swift in Sources */,
				A8BD8C5E1BEFC66500349EDD /* XCodeColorsDecorator.swift in Sources */,
				A8BD8C731BEFC67400349EDD /* Slogger.swift in Sources */,
				A8BD8C6C1BEFC66B00349EDD /* JSONFileDestination.swift in Sources */,
				A8BD8C6D1BEFC66B00349EDD /* XMLFileDestination.swift in Sources */,
				A8BD8C691BEFC66B00349EDD /* ConsoleDestination.swift in Sources */,
				A8BD8C681BEFC66B00349EDD /* Destination.swift in Sources */,
				A8BD8C591BEFC66000349EDD /* Generator.swift in Sources */,
				A8BD8C6B1BEFC66B00349EDD /* TextFileDestination.swift in Sources */,
				A8BD8C6A1BEFC66B00349EDD /* MemoryDestination.swift in Sources */,
				A8BD8C5D1BEFC66500349EDD /* Color.swift in Sources */,
				A88E3A4D1BF23056006E3201 /* SloggerObjc.swift in Sources */,
				A8BD8C711BEFC66F00349EDD /* PerformanceTest.swift in Sources */,
				A8BD8C5F1BEFC66500349EDD /* AnsiDecorator.swift in Sources */,
			);
			runOnlyForDeploymentPostprocessing = 0;
		};
/* End PBXSourcesBuildPhase section */

/* Begin PBXTargetDependency section */
		A83C79E31BD6636800DA9F07 /* PBXTargetDependency */ = {
			isa = PBXTargetDependency;
			target = A83C79D51BD6636800DA9F07 /* Slogger */;
			targetProxy = A83C79E21BD6636800DA9F07 /* PBXContainerItemProxy */;
		};
		A85BFC501BDD4622008D1F1E /* PBXTargetDependency */ = {
			isa = PBXTargetDependency;
			target = A85BFC431BDD4622008D1F1E /* SloggerOSX */;
			targetProxy = A85BFC4F1BDD4622008D1F1E /* PBXContainerItemProxy */;
		};
		A8BD8C4D1BEFC61600349EDD /* PBXTargetDependency */ = {
			isa = PBXTargetDependency;
			target = A8BD8C401BEFC61600349EDD /* SloggerTV */;
			targetProxy = A8BD8C4C1BEFC61600349EDD /* PBXContainerItemProxy */;
		};
/* End PBXTargetDependency section */

/* Begin XCBuildConfiguration section */
		A83C79E81BD6636800DA9F07 /* Debug */ = {
			isa = XCBuildConfiguration;
			buildSettings = {
				ALWAYS_EMBED_SWIFT_STANDARD_LIBRARIES = NO;
				ALWAYS_SEARCH_USER_PATHS = NO;
				CLANG_ALLOW_NON_MODULAR_INCLUDES_IN_FRAMEWORK_MODULES = NO;
				CLANG_CXX_LANGUAGE_STANDARD = "gnu++0x";
				CLANG_CXX_LIBRARY = "libc++";
				CLANG_ENABLE_MODULES = YES;
				CLANG_ENABLE_OBJC_ARC = YES;
				CLANG_WARN_BOOL_CONVERSION = YES;
				CLANG_WARN_CONSTANT_CONVERSION = YES;
				CLANG_WARN_DIRECT_OBJC_ISA_USAGE = YES_ERROR;
				CLANG_WARN_EMPTY_BODY = YES;
				CLANG_WARN_ENUM_CONVERSION = YES;
				CLANG_WARN_INFINITE_RECURSION = YES;
				CLANG_WARN_INT_CONVERSION = YES;
				CLANG_WARN_OBJC_ROOT_CLASS = YES_ERROR;
				CLANG_WARN_SUSPICIOUS_MOVE = YES;
				CLANG_WARN_UNREACHABLE_CODE = YES;
				CLANG_WARN__DUPLICATE_METHOD_MATCH = YES;
				"CODE_SIGN_IDENTITY[sdk=iphoneos*]" = "";
				COPY_PHASE_STRIP = NO;
				CURRENT_PROJECT_VERSION = 1;
				DEBUG_INFORMATION_FORMAT = dwarf;
				ENABLE_STRICT_OBJC_MSGSEND = YES;
				ENABLE_TESTABILITY = YES;
				GCC_C_LANGUAGE_STANDARD = gnu99;
				GCC_DYNAMIC_NO_PIC = NO;
				GCC_NO_COMMON_BLOCKS = YES;
				GCC_OPTIMIZATION_LEVEL = 0;
				GCC_PREPROCESSOR_DEFINITIONS = (
					"DEBUG=1",
					"$(inherited)",
				);
				GCC_WARN_64_TO_32_BIT_CONVERSION = YES;
				GCC_WARN_ABOUT_RETURN_TYPE = YES_ERROR;
				GCC_WARN_UNDECLARED_SELECTOR = YES;
				GCC_WARN_UNINITIALIZED_AUTOS = YES_AGGRESSIVE;
				GCC_WARN_UNUSED_FUNCTION = YES;
				GCC_WARN_UNUSED_VARIABLE = YES;
				IPHONEOS_DEPLOYMENT_TARGET = 8.0;
				MTL_ENABLE_DEBUG_INFO = YES;
				ONLY_ACTIVE_ARCH = YES;
				PRODUCT_MODULE_NAME = "$(PRODUCT_NAME:c99extidentifier)";
				SDKROOT = iphoneos;
				SWIFT_OPTIMIZATION_LEVEL = "-Onone";
				SWIFT_VERSION = 3.0;
				TARGETED_DEVICE_FAMILY = "1,2";
				VERSIONING_SYSTEM = "apple-generic";
				VERSION_INFO_PREFIX = "";
			};
			name = Debug;
		};
		A83C79E91BD6636800DA9F07 /* Release */ = {
			isa = XCBuildConfiguration;
			buildSettings = {
				ALWAYS_EMBED_SWIFT_STANDARD_LIBRARIES = NO;
				ALWAYS_SEARCH_USER_PATHS = NO;
				CLANG_ALLOW_NON_MODULAR_INCLUDES_IN_FRAMEWORK_MODULES = NO;
				CLANG_CXX_LANGUAGE_STANDARD = "gnu++0x";
				CLANG_CXX_LIBRARY = "libc++";
				CLANG_ENABLE_MODULES = YES;
				CLANG_ENABLE_OBJC_ARC = YES;
				CLANG_WARN_BOOL_CONVERSION = YES;
				CLANG_WARN_CONSTANT_CONVERSION = YES;
				CLANG_WARN_DIRECT_OBJC_ISA_USAGE = YES_ERROR;
				CLANG_WARN_EMPTY_BODY = YES;
				CLANG_WARN_ENUM_CONVERSION = YES;
				CLANG_WARN_INFINITE_RECURSION = YES;
				CLANG_WARN_INT_CONVERSION = YES;
				CLANG_WARN_OBJC_ROOT_CLASS = YES_ERROR;
				CLANG_WARN_SUSPICIOUS_MOVE = YES;
				CLANG_WARN_UNREACHABLE_CODE = YES;
				CLANG_WARN__DUPLICATE_METHOD_MATCH = YES;
				"CODE_SIGN_IDENTITY[sdk=*]" = "iPhone Distribution";
				COPY_PHASE_STRIP = NO;
				CURRENT_PROJECT_VERSION = 1;
				DEBUG_INFORMATION_FORMAT = "dwarf-with-dsym";
				ENABLE_NS_ASSERTIONS = NO;
				ENABLE_STRICT_OBJC_MSGSEND = YES;
				GCC_C_LANGUAGE_STANDARD = gnu99;
				GCC_NO_COMMON_BLOCKS = YES;
				GCC_WARN_64_TO_32_BIT_CONVERSION = YES;
				GCC_WARN_ABOUT_RETURN_TYPE = YES_ERROR;
				GCC_WARN_UNDECLARED_SELECTOR = YES;
				GCC_WARN_UNINITIALIZED_AUTOS = YES_AGGRESSIVE;
				GCC_WARN_UNUSED_FUNCTION = YES;
				GCC_WARN_UNUSED_VARIABLE = YES;
				IPHONEOS_DEPLOYMENT_TARGET = 8.0;
				MTL_ENABLE_DEBUG_INFO = NO;
				PRODUCT_MODULE_NAME = "$(PRODUCT_NAME:c99extidentifier)";
				SDKROOT = iphoneos;
				SWIFT_OPTIMIZATION_LEVEL = "-Owholemodule";
				SWIFT_VERSION = 3.0;
				TARGETED_DEVICE_FAMILY = "1,2";
				VALIDATE_PRODUCT = YES;
				VERSIONING_SYSTEM = "apple-generic";
				VERSION_INFO_PREFIX = "";
			};
			name = Release;
		};
		A83C79EB1BD6636800DA9F07 /* Debug */ = {
			isa = XCBuildConfiguration;
			buildSettings = {
				CLANG_ENABLE_MODULES = YES;
				CODE_SIGN_IDENTITY = "iPhone Developer";
				"CODE_SIGN_IDENTITY[sdk=iphoneos*]" = "";
				DEFINES_MODULE = YES;
				DYLIB_COMPATIBILITY_VERSION = 1;
				DYLIB_CURRENT_VERSION = 1;
				DYLIB_INSTALL_NAME_BASE = "@rpath";
				INFOPLIST_FILE = Slogger/Info.plist;
				INSTALL_PATH = "$(LOCAL_LIBRARY_DIR)/Frameworks";
				LD_RUNPATH_SEARCH_PATHS = "$(inherited) @executable_path/Frameworks @loader_path/Frameworks";
				PRODUCT_BUNDLE_IDENTIFIER = com.davidgoodine.Slogger;
				PRODUCT_NAME = "$(TARGET_NAME)";
				PROVISIONING_PROFILE = "";
				SKIP_INSTALL = YES;
				SWIFT_OPTIMIZATION_LEVEL = "-Onone";
				SWIFT_VERSION = 3.0;
				TARGETED_DEVICE_FAMILY = "1,2";
			};
			name = Debug;
		};
		A83C79EC1BD6636800DA9F07 /* Release */ = {
			isa = XCBuildConfiguration;
			buildSettings = {
				CLANG_ENABLE_MODULES = YES;
				CODE_SIGN_IDENTITY = "iPhone Developer";
				"CODE_SIGN_IDENTITY[sdk=iphoneos*]" = "";
				DEFINES_MODULE = YES;
				DYLIB_COMPATIBILITY_VERSION = 1;
				DYLIB_CURRENT_VERSION = 1;
				DYLIB_INSTALL_NAME_BASE = "@rpath";
				INFOPLIST_FILE = Slogger/Info.plist;
				INSTALL_PATH = "$(LOCAL_LIBRARY_DIR)/Frameworks";
				LD_RUNPATH_SEARCH_PATHS = "$(inherited) @executable_path/Frameworks @loader_path/Frameworks";
				PRODUCT_BUNDLE_IDENTIFIER = com.davidgoodine.Slogger;
				PRODUCT_NAME = "$(TARGET_NAME)";
				PROVISIONING_PROFILE = "";
				SKIP_INSTALL = YES;
				SWIFT_VERSION = 3.0;
				TARGETED_DEVICE_FAMILY = "1,2";
			};
			name = Release;
		};
		A83C79EE1BD6636800DA9F07 /* Debug */ = {
			isa = XCBuildConfiguration;
			buildSettings = {
				CLANG_ENABLE_MODULES = YES;
				"CODE_SIGN_IDENTITY[sdk=iphoneos*]" = "iPhone Developer";
				DEVELOPMENT_TEAM = 4G72T9YLHA;
				INFOPLIST_FILE = SloggerTests/Info.plist;
				LD_RUNPATH_SEARCH_PATHS = "$(inherited) @executable_path/Frameworks @loader_path/Frameworks";
				PRODUCT_BUNDLE_IDENTIFIER = com.davidgoodine.SloggerTests;
				PRODUCT_NAME = "$(TARGET_NAME)";
				SWIFT_OBJC_BRIDGING_HEADER = "SloggerTests/SloggerTests-Bridging-Header.h";
				SWIFT_OPTIMIZATION_LEVEL = "-Onone";
				SWIFT_VERSION = 3.0;
			};
			name = Debug;
		};
		A83C79EF1BD6636800DA9F07 /* Release */ = {
			isa = XCBuildConfiguration;
			buildSettings = {
				CLANG_ENABLE_MODULES = YES;
				"CODE_SIGN_IDENTITY[sdk=iphoneos*]" = "iPhone Developer";
				DEVELOPMENT_TEAM = 4G72T9YLHA;
				INFOPLIST_FILE = SloggerTests/Info.plist;
				LD_RUNPATH_SEARCH_PATHS = "$(inherited) @executable_path/Frameworks @loader_path/Frameworks";
				PRODUCT_BUNDLE_IDENTIFIER = com.davidgoodine.SloggerTests;
				PRODUCT_NAME = "$(TARGET_NAME)";
				SWIFT_OBJC_BRIDGING_HEADER = "SloggerTests/SloggerTests-Bridging-Header.h";
				SWIFT_VERSION = 3.0;
			};
			name = Release;
		};
		A85BFC551BDD4622008D1F1E /* Debug */ = {
			isa = XCBuildConfiguration;
			buildSettings = {
				CODE_SIGN_IDENTITY = "Mac Developer";
				COMBINE_HIDPI_IMAGES = YES;
				DEFINES_MODULE = YES;
				DEVELOPMENT_TEAM = 4G72T9YLHA;
				DYLIB_COMPATIBILITY_VERSION = 1;
				DYLIB_CURRENT_VERSION = 1;
				DYLIB_INSTALL_NAME_BASE = "@rpath";
				FRAMEWORK_VERSION = A;
				INFOPLIST_FILE = SloggerOSX/Info.plist;
				INSTALL_PATH = "$(LOCAL_LIBRARY_DIR)/Frameworks";
				LD_RUNPATH_SEARCH_PATHS = "$(inherited) @executable_path/../Frameworks @loader_path/Frameworks";
				MACOSX_DEPLOYMENT_TARGET = 10.9;
				MODULE_NAME = "";
				PRODUCT_BUNDLE_IDENTIFIER = com.davidgoodine.SloggerOSX;
				PRODUCT_MODULE_NAME = "$(PRODUCT_NAME:c99extidentifier)";
				PRODUCT_NAME = "$(TARGET_NAME)";
				SDKROOT = macosx;
				SKIP_INSTALL = YES;
				SWIFT_VERSION = 3.0;
			};
			name = Debug;
		};
		A85BFC561BDD4622008D1F1E /* Release */ = {
			isa = XCBuildConfiguration;
			buildSettings = {
				CODE_SIGN_IDENTITY = "Mac Developer";
				"CODE_SIGN_IDENTITY[sdk=*]" = "Developer ID Application";
				COMBINE_HIDPI_IMAGES = YES;
				DEFINES_MODULE = YES;
				DEVELOPMENT_TEAM = 4G72T9YLHA;
				DYLIB_COMPATIBILITY_VERSION = 1;
				DYLIB_CURRENT_VERSION = 1;
				DYLIB_INSTALL_NAME_BASE = "@rpath";
				FRAMEWORK_VERSION = A;
				INFOPLIST_FILE = SloggerOSX/Info.plist;
				INSTALL_PATH = "$(LOCAL_LIBRARY_DIR)/Frameworks";
				LD_RUNPATH_SEARCH_PATHS = "$(inherited) @executable_path/../Frameworks @loader_path/Frameworks";
				MACOSX_DEPLOYMENT_TARGET = 10.9;
				MODULE_NAME = "";
				PRODUCT_BUNDLE_IDENTIFIER = com.davidgoodine.SloggerOSX;
				PRODUCT_MODULE_NAME = "$(PRODUCT_NAME:c99extidentifier)";
				PRODUCT_NAME = "$(TARGET_NAME)";
				SDKROOT = macosx;
				SKIP_INSTALL = YES;
				SWIFT_VERSION = 3.0;
			};
			name = Release;
		};
		A85BFC571BDD4622008D1F1E /* Debug */ = {
			isa = XCBuildConfiguration;
			buildSettings = {
				CODE_SIGN_IDENTITY = "Mac Developer";
				COMBINE_HIDPI_IMAGES = YES;
				DEVELOPMENT_TEAM = 4G72T9YLHA;
				INFOPLIST_FILE = SloggerOSXTests/Info.plist;
				LD_RUNPATH_SEARCH_PATHS = "$(inherited) @executable_path/../Frameworks @loader_path/../Frameworks";
				MACOSX_DEPLOYMENT_TARGET = 10.11;
				PRODUCT_BUNDLE_IDENTIFIER = com.davidgoodine.SloggerOSXTests;
				PRODUCT_NAME = "$(TARGET_NAME)";
				SDKROOT = macosx;
				SWIFT_VERSION = 3.0;
			};
			name = Debug;
		};
		A85BFC581BDD4622008D1F1E /* Release */ = {
			isa = XCBuildConfiguration;
			buildSettings = {
				CODE_SIGN_IDENTITY = "Mac Developer";
				COMBINE_HIDPI_IMAGES = YES;
				DEVELOPMENT_TEAM = 4G72T9YLHA;
				INFOPLIST_FILE = SloggerOSXTests/Info.plist;
				LD_RUNPATH_SEARCH_PATHS = "$(inherited) @executable_path/../Frameworks @loader_path/../Frameworks";
				MACOSX_DEPLOYMENT_TARGET = 10.11;
				PRODUCT_BUNDLE_IDENTIFIER = com.davidgoodine.SloggerOSXTests;
				PRODUCT_NAME = "$(TARGET_NAME)";
				SDKROOT = macosx;
				SWIFT_VERSION = 3.0;
			};
			name = Release;
		};
		A85BFC711BDD4B63008D1F1E /* Debug */ = {
			isa = XCBuildConfiguration;
			buildSettings = {
				APPLICATION_EXTENSION_API_ONLY = YES;
				CODE_SIGN_IDENTITY = "";
				"CODE_SIGN_IDENTITY[sdk=watchos*]" = "iPhone Developer";
				DEFINES_MODULE = YES;
				DEVELOPMENT_TEAM = 4G72T9YLHA;
				DYLIB_COMPATIBILITY_VERSION = 1;
				DYLIB_CURRENT_VERSION = 1;
				DYLIB_INSTALL_NAME_BASE = "@rpath";
				INFOPLIST_FILE = SloggerWatch/Info.plist;
				INSTALL_PATH = "$(LOCAL_LIBRARY_DIR)/Frameworks";
				LD_RUNPATH_SEARCH_PATHS = "$(inherited) @executable_path/Frameworks @loader_path/Frameworks";
				PRODUCT_BUNDLE_IDENTIFIER = com.davidgoodine.SloggerWatch;
				PRODUCT_NAME = "$(TARGET_NAME)";
				SDKROOT = watchos;
				SKIP_INSTALL = YES;
				SWIFT_VERSION = 3.0;
				TARGETED_DEVICE_FAMILY = 4;
				WATCHOS_DEPLOYMENT_TARGET = 2.0;
			};
			name = Debug;
		};
		A85BFC721BDD4B63008D1F1E /* Release */ = {
			isa = XCBuildConfiguration;
			buildSettings = {
				APPLICATION_EXTENSION_API_ONLY = YES;
				CODE_SIGN_IDENTITY = "";
				"CODE_SIGN_IDENTITY[sdk=*]" = "iPhone Distribution";
				"CODE_SIGN_IDENTITY[sdk=watchos*]" = "iPhone Developer";
				DEFINES_MODULE = YES;
				DEVELOPMENT_TEAM = 4G72T9YLHA;
				DYLIB_COMPATIBILITY_VERSION = 1;
				DYLIB_CURRENT_VERSION = 1;
				DYLIB_INSTALL_NAME_BASE = "@rpath";
				INFOPLIST_FILE = SloggerWatch/Info.plist;
				INSTALL_PATH = "$(LOCAL_LIBRARY_DIR)/Frameworks";
				LD_RUNPATH_SEARCH_PATHS = "$(inherited) @executable_path/Frameworks @loader_path/Frameworks";
				PRODUCT_BUNDLE_IDENTIFIER = com.davidgoodine.SloggerWatch;
				PRODUCT_NAME = "$(TARGET_NAME)";
				SDKROOT = watchos;
				SKIP_INSTALL = YES;
				SWIFT_VERSION = 3.0;
				TARGETED_DEVICE_FAMILY = 4;
				WATCHOS_DEPLOYMENT_TARGET = 2.0;
			};
			name = Release;
		};
		A8BD8C531BEFC61600349EDD /* Debug */ = {
			isa = XCBuildConfiguration;
			buildSettings = {
				CODE_SIGN_IDENTITY = "iPhone Developer";
				"CODE_SIGN_IDENTITY[sdk=appletvos*]" = "iPhone Developer";
				DEFINES_MODULE = YES;
				DYLIB_COMPATIBILITY_VERSION = 1;
				DYLIB_CURRENT_VERSION = 1;
				DYLIB_INSTALL_NAME_BASE = "@rpath";
				INFOPLIST_FILE = SloggerTV/Info.plist;
				INSTALL_PATH = "$(LOCAL_LIBRARY_DIR)/Frameworks";
				LD_RUNPATH_SEARCH_PATHS = "$(inherited) @executable_path/Frameworks @loader_path/Frameworks";
				PRODUCT_BUNDLE_IDENTIFIER = com.davidgoodine.SloggerTV;
				PRODUCT_NAME = "$(TARGET_NAME)";
				SDKROOT = appletvos;
				SKIP_INSTALL = YES;
				SWIFT_VERSION = 3.0;
				TARGETED_DEVICE_FAMILY = 3;
				TVOS_DEPLOYMENT_TARGET = 9.0;
			};
			name = Debug;
		};
		A8BD8C541BEFC61600349EDD /* Release */ = {
			isa = XCBuildConfiguration;
			buildSettings = {
				CODE_SIGN_IDENTITY = "iPhone Distribution";
				"CODE_SIGN_IDENTITY[sdk=appletvos*]" = "iPhone Developer";
				DEFINES_MODULE = YES;
				DYLIB_COMPATIBILITY_VERSION = 1;
				DYLIB_CURRENT_VERSION = 1;
				DYLIB_INSTALL_NAME_BASE = "@rpath";
				INFOPLIST_FILE = SloggerTV/Info.plist;
				INSTALL_PATH = "$(LOCAL_LIBRARY_DIR)/Frameworks";
				LD_RUNPATH_SEARCH_PATHS = "$(inherited) @executable_path/Frameworks @loader_path/Frameworks";
				PRODUCT_BUNDLE_IDENTIFIER = com.davidgoodine.SloggerTV;
				PRODUCT_NAME = "$(TARGET_NAME)";
				SDKROOT = appletvos;
				SKIP_INSTALL = YES;
				SWIFT_VERSION = 3.0;
				TARGETED_DEVICE_FAMILY = 3;
				TVOS_DEPLOYMENT_TARGET = 9.0;
			};
			name = Release;
		};
		A8BD8C561BEFC61600349EDD /* Debug */ = {
			isa = XCBuildConfiguration;
			buildSettings = {
				DEVELOPMENT_TEAM = 4G72T9YLHA;
				INFOPLIST_FILE = SloggerTVTests/Info.plist;
				LD_RUNPATH_SEARCH_PATHS = "$(inherited) @executable_path/Frameworks @loader_path/Frameworks";
				PRODUCT_BUNDLE_IDENTIFIER = com.davidgoodine.SloggerTVTests;
				PRODUCT_NAME = "$(TARGET_NAME)";
				SDKROOT = appletvos;
				SWIFT_VERSION = 3.0;
				TVOS_DEPLOYMENT_TARGET = 9.0;
			};
			name = Debug;
		};
		A8BD8C571BEFC61600349EDD /* Release */ = {
			isa = XCBuildConfiguration;
			buildSettings = {
				DEVELOPMENT_TEAM = 4G72T9YLHA;
				INFOPLIST_FILE = SloggerTVTests/Info.plist;
				LD_RUNPATH_SEARCH_PATHS = "$(inherited) @executable_path/Frameworks @loader_path/Frameworks";
				PRODUCT_BUNDLE_IDENTIFIER = com.davidgoodine.SloggerTVTests;
				PRODUCT_NAME = "$(TARGET_NAME)";
				SDKROOT = appletvos;
				SWIFT_VERSION = 3.0;
				TVOS_DEPLOYMENT_TARGET = 9.0;
			};
			name = Release;
		};
/* End XCBuildConfiguration section */

/* Begin XCConfigurationList section */
		A83C79D01BD6636800DA9F07 /* Build configuration list for PBXProject "Slogger" */ = {
			isa = XCConfigurationList;
			buildConfigurations = (
				A83C79E81BD6636800DA9F07 /* Debug */,
				A83C79E91BD6636800DA9F07 /* Release */,
			);
			defaultConfigurationIsVisible = 0;
			defaultConfigurationName = Release;
		};
		A83C79EA1BD6636800DA9F07 /* Build configuration list for PBXNativeTarget "Slogger" */ = {
			isa = XCConfigurationList;
			buildConfigurations = (
				A83C79EB1BD6636800DA9F07 /* Debug */,
				A83C79EC1BD6636800DA9F07 /* Release */,
			);
			defaultConfigurationIsVisible = 0;
			defaultConfigurationName = Release;
		};
		A83C79ED1BD6636800DA9F07 /* Build configuration list for PBXNativeTarget "SloggerTests" */ = {
			isa = XCConfigurationList;
			buildConfigurations = (
				A83C79EE1BD6636800DA9F07 /* Debug */,
				A83C79EF1BD6636800DA9F07 /* Release */,
			);
			defaultConfigurationIsVisible = 0;
			defaultConfigurationName = Release;
		};
		A85BFC591BDD4622008D1F1E /* Build configuration list for PBXNativeTarget "SloggerOSX" */ = {
			isa = XCConfigurationList;
			buildConfigurations = (
				A85BFC551BDD4622008D1F1E /* Debug */,
				A85BFC561BDD4622008D1F1E /* Release */,
			);
			defaultConfigurationIsVisible = 0;
			defaultConfigurationName = Release;
		};
		A85BFC5A1BDD4622008D1F1E /* Build configuration list for PBXNativeTarget "SloggerOSXTests" */ = {
			isa = XCConfigurationList;
			buildConfigurations = (
				A85BFC571BDD4622008D1F1E /* Debug */,
				A85BFC581BDD4622008D1F1E /* Release */,
			);
			defaultConfigurationIsVisible = 0;
			defaultConfigurationName = Release;
		};
		A85BFC701BDD4B63008D1F1E /* Build configuration list for PBXNativeTarget "SloggerWatch" */ = {
			isa = XCConfigurationList;
			buildConfigurations = (
				A85BFC711BDD4B63008D1F1E /* Debug */,
				A85BFC721BDD4B63008D1F1E /* Release */,
			);
			defaultConfigurationIsVisible = 0;
			defaultConfigurationName = Release;
		};
		A8BD8C521BEFC61600349EDD /* Build configuration list for PBXNativeTarget "SloggerTV" */ = {
			isa = XCConfigurationList;
			buildConfigurations = (
				A8BD8C531BEFC61600349EDD /* Debug */,
				A8BD8C541BEFC61600349EDD /* Release */,
			);
			defaultConfigurationIsVisible = 0;
			defaultConfigurationName = Release;
		};
		A8BD8C551BEFC61600349EDD /* Build configuration list for PBXNativeTarget "SloggerTVTests" */ = {
			isa = XCConfigurationList;
			buildConfigurations = (
				A8BD8C561BEFC61600349EDD /* Debug */,
				A8BD8C571BEFC61600349EDD /* Release */,
			);
			defaultConfigurationIsVisible = 0;
			defaultConfigurationName = Release;
		};
/* End XCConfigurationList section */
	};
	rootObject = A83C79CD1BD6636800DA9F07 /* Project object */;
}
