// !$*UTF8*$!
{
	archiveVersion = 1;
	classes = {
	};
	objectVersion = 46;
	objects = {

/* Begin PBXBuildFile section */
		A83C5A111BED38F80037B847 /* PerformanceTest.swift in Sources */ = {isa = PBXBuildFile; fileRef = A83C5A081BED38F80037B847 /* PerformanceTest.swift */; };
		A83C5A121BED38F80037B847 /* Color.swift in Sources */ = {isa = PBXBuildFile; fileRef = A83C5A091BED38F80037B847 /* Color.swift */; };
		A83C5A131BED38F80037B847 /* XCodeColorsDecorator.swift in Sources */ = {isa = PBXBuildFile; fileRef = A83C5A0A1BED38F80037B847 /* XCodeColorsDecorator.swift */; };
		A83C5A141BED38F80037B847 /* AnsiDecorator.swift in Sources */ = {isa = PBXBuildFile; fileRef = A83C5A0B1BED38F80037B847 /* AnsiDecorator.swift */; };
		A83C5A161BED38F80037B847 /* ConsoleDestination.swift in Sources */ = {isa = PBXBuildFile; fileRef = A83C5A0D1BED38F80037B847 /* ConsoleDestination.swift */; };
		A83C5A171BED38F80037B847 /* MemoryDestination.swift in Sources */ = {isa = PBXBuildFile; fileRef = A83C5A0E1BED38F80037B847 /* MemoryDestination.swift */; };
		A83C5A181BED38F80037B847 /* TextFileDestination.swift in Sources */ = {isa = PBXBuildFile; fileRef = A83C5A0F1BED38F80037B847 /* TextFileDestination.swift */; };
		A83C5A191BED38F80037B847 /* Slogger.swift in Sources */ = {isa = PBXBuildFile; fileRef = A83C5A101BED38F80037B847 /* Slogger.swift */; };
		A8A11D241BEEED9A00EEEA2B /* JSONFileDestination.swift in Sources */ = {isa = PBXBuildFile; fileRef = A8A11D221BEEED9A00EEEA2B /* JSONFileDestination.swift */; };
		A8A11D251BEEED9A00EEEA2B /* XMLFileDestination.swift in Sources */ = {isa = PBXBuildFile; fileRef = A8A11D231BEEED9A00EEEA2B /* XMLFileDestination.swift */; };
		A8A11D291BEF040200EEEA2B /* Destination.swift in Sources */ = {isa = PBXBuildFile; fileRef = A8A11D281BEF040200EEEA2B /* Destination.swift */; };
		A8A11D371BEF08A700EEEA2B /* CSVFileDestination.swift in Sources */ = {isa = PBXBuildFile; fileRef = A8A11D351BEF08A700EEEA2B /* CSVFileDestination.swift */; };
		A8A11D381BEF08A700EEEA2B /* TSVFileDestination.swift in Sources */ = {isa = PBXBuildFile; fileRef = A8A11D361BEF08A700EEEA2B /* TSVFileDestination.swift */; };
		A8AC59931BED1C8200DBC78E /* main.swift in Sources */ = {isa = PBXBuildFile; fileRef = A8AC59921BED1C8200DBC78E /* main.swift */; };
		A8B663431BEF143200F0EB64 /* Generator.swift in Sources */ = {isa = PBXBuildFile; fileRef = A8B663421BEF143200F0EB64 /* Generator.swift */; };
/* End PBXBuildFile section */

/* Begin PBXCopyFilesBuildPhase section */
		A8AC598D1BED1C8200DBC78E /* CopyFiles */ = {
			isa = PBXCopyFilesBuildPhase;
			buildActionMask = 2147483647;
			dstPath = /usr/share/man/man1/;
			dstSubfolderSpec = 0;
			files = (
			);
			runOnlyForDeploymentPostprocessing = 1;
		};
/* End PBXCopyFilesBuildPhase section */

/* Begin PBXFileReference section */
		A83C5A081BED38F80037B847 /* PerformanceTest.swift */ = {isa = PBXFileReference; fileEncoding = 4; lastKnownFileType = sourcecode.swift; name = PerformanceTest.swift; path = ../Slogger/Slogger/PerformanceTest.swift; sourceTree = "<group>"; };
		A83C5A091BED38F80037B847 /* Color.swift */ = {isa = PBXFileReference; fileEncoding = 4; lastKnownFileType = sourcecode.swift; name = Color.swift; path = ../Slogger/Slogger/Color.swift; sourceTree = "<group>"; };
		A83C5A0A1BED38F80037B847 /* XCodeColorsDecorator.swift */ = {isa = PBXFileReference; fileEncoding = 4; lastKnownFileType = sourcecode.swift; name = XCodeColorsDecorator.swift; path = ../Slogger/Slogger/XCodeColorsDecorator.swift; sourceTree = "<group>"; };
		A83C5A0B1BED38F80037B847 /* AnsiDecorator.swift */ = {isa = PBXFileReference; fileEncoding = 4; lastKnownFileType = sourcecode.swift; name = AnsiDecorator.swift; path = ../Slogger/Slogger/AnsiDecorator.swift; sourceTree = "<group>"; };
		A83C5A0D1BED38F80037B847 /* ConsoleDestination.swift */ = {isa = PBXFileReference; fileEncoding = 4; lastKnownFileType = sourcecode.swift; name = ConsoleDestination.swift; path = ../Slogger/Slogger/ConsoleDestination.swift; sourceTree = "<group>"; };
		A83C5A0E1BED38F80037B847 /* MemoryDestination.swift */ = {isa = PBXFileReference; fileEncoding = 4; lastKnownFileType = sourcecode.swift; name = MemoryDestination.swift; path = ../Slogger/Slogger/MemoryDestination.swift; sourceTree = "<group>"; };
		A83C5A0F1BED38F80037B847 /* TextFileDestination.swift */ = {isa = PBXFileReference; fileEncoding = 4; lastKnownFileType = sourcecode.swift; name = TextFileDestination.swift; path = ../Slogger/Slogger/TextFileDestination.swift; sourceTree = "<group>"; };
		A83C5A101BED38F80037B847 /* Slogger.swift */ = {isa = PBXFileReference; fileEncoding = 4; lastKnownFileType = sourcecode.swift; name = Slogger.swift; path = ../Slogger/Slogger/Slogger.swift; sourceTree = "<group>"; };
		A8A11D221BEEED9A00EEEA2B /* JSONFileDestination.swift */ = {isa = PBXFileReference; fileEncoding = 4; lastKnownFileType = sourcecode.swift; name = JSONFileDestination.swift; path = ../Slogger/Slogger/JSONFileDestination.swift; sourceTree = "<group>"; };
		A8A11D231BEEED9A00EEEA2B /* XMLFileDestination.swift */ = {isa = PBXFileReference; fileEncoding = 4; lastKnownFileType = sourcecode.swift; name = XMLFileDestination.swift; path = ../Slogger/Slogger/XMLFileDestination.swift; sourceTree = "<group>"; };
		A8A11D281BEF040200EEEA2B /* Destination.swift */ = {isa = PBXFileReference; fileEncoding = 4; lastKnownFileType = sourcecode.swift; name = Destination.swift; path = ../Slogger/Slogger/Destination.swift; sourceTree = "<group>"; };
		A8A11D351BEF08A700EEEA2B /* CSVFileDestination.swift */ = {isa = PBXFileReference; fileEncoding = 4; lastKnownFileType = sourcecode.swift; name = CSVFileDestination.swift; path = ../Slogger/Slogger/CSVFileDestination.swift; sourceTree = "<group>"; };
		A8A11D361BEF08A700EEEA2B /* TSVFileDestination.swift */ = {isa = PBXFileReference; fileEncoding = 4; lastKnownFileType = sourcecode.swift; name = TSVFileDestination.swift; path = ../Slogger/Slogger/TSVFileDestination.swift; sourceTree = "<group>"; };
		A8AC598F1BED1C8200DBC78E /* slogger */ = {isa = PBXFileReference; explicitFileType = "compiled.mach-o.executable"; includeInIndex = 0; path = slogger; sourceTree = BUILT_PRODUCTS_DIR; };
		A8AC59921BED1C8200DBC78E /* main.swift */ = {isa = PBXFileReference; lastKnownFileType = sourcecode.swift; path = main.swift; sourceTree = "<group>"; };
		A8B663421BEF143200F0EB64 /* Generator.swift */ = {isa = PBXFileReference; fileEncoding = 4; lastKnownFileType = sourcecode.swift; name = Generator.swift; path = ../Slogger/Slogger/Generator.swift; sourceTree = "<group>"; };
/* End PBXFileReference section */

/* Begin PBXFrameworksBuildPhase section */
		A8AC598C1BED1C8200DBC78E /* Frameworks */ = {
			isa = PBXFrameworksBuildPhase;
			buildActionMask = 2147483647;
			files = (
			);
			runOnlyForDeploymentPostprocessing = 0;
		};
/* End PBXFrameworksBuildPhase section */

/* Begin PBXGroup section */
		A83C5A071BED38DE0037B847 /* Slogger */ = {
			isa = PBXGroup;
			children = (
				A83C5A081BED38F80037B847 /* PerformanceTest.swift */,
				A83C5A091BED38F80037B847 /* Color.swift */,
				A83C5A0A1BED38F80037B847 /* XCodeColorsDecorator.swift */,
				A83C5A0B1BED38F80037B847 /* AnsiDecorator.swift */,
				A8B663421BEF143200F0EB64 /* Generator.swift */,
				A8A11D281BEF040200EEEA2B /* Destination.swift */,
				A83C5A0D1BED38F80037B847 /* ConsoleDestination.swift */,
				A83C5A0E1BED38F80037B847 /* MemoryDestination.swift */,
				A83C5A0F1BED38F80037B847 /* TextFileDestination.swift */,
				A8A11D221BEEED9A00EEEA2B /* JSONFileDestination.swift */,
				A8A11D231BEEED9A00EEEA2B /* XMLFileDestination.swift */,
				A8A11D351BEF08A700EEEA2B /* CSVFileDestination.swift */,
				A8A11D361BEF08A700EEEA2B /* TSVFileDestination.swift */,
				A83C5A101BED38F80037B847 /* Slogger.swift */,
			);
			name = Slogger;
			sourceTree = "<group>";
		};
		A8AC59861BED1C8200DBC78E = {
			isa = PBXGroup;
			children = (
				A8AC59911BED1C8200DBC78E /* SloggerConsole */,
				A83C5A071BED38DE0037B847 /* Slogger */,
				A8AC59901BED1C8200DBC78E /* Products */,
			);
			sourceTree = "<group>";
		};
		A8AC59901BED1C8200DBC78E /* Products */ = {
			isa = PBXGroup;
			children = (
				A8AC598F1BED1C8200DBC78E /* slogger */,
			);
			name = Products;
			sourceTree = "<group>";
		};
		A8AC59911BED1C8200DBC78E /* SloggerConsole */ = {
			isa = PBXGroup;
			children = (
				A8AC59921BED1C8200DBC78E /* main.swift */,
			);
			path = SloggerConsole;
			sourceTree = "<group>";
		};
/* End PBXGroup section */

/* Begin PBXNativeTarget section */
		A8AC598E1BED1C8200DBC78E /* SloggerConsole */ = {
			isa = PBXNativeTarget;
			buildConfigurationList = A8AC59961BED1C8200DBC78E /* Build configuration list for PBXNativeTarget "SloggerConsole" */;
			buildPhases = (
				A8AC598B1BED1C8200DBC78E /* Sources */,
				A8AC598C1BED1C8200DBC78E /* Frameworks */,
				A8AC598D1BED1C8200DBC78E /* CopyFiles */,
			);
			buildRules = (
			);
			dependencies = (
			);
			name = SloggerConsole;
			productName = SloggerConsole;
			productReference = A8AC598F1BED1C8200DBC78E /* slogger */;
			productType = "com.apple.product-type.tool";
		};
/* End PBXNativeTarget section */

/* Begin PBXProject section */
		A8AC59871BED1C8200DBC78E /* Project object */ = {
			isa = PBXProject;
			attributes = {
				LastSwiftUpdateCheck = 0710;
				LastUpgradeCheck = 0710;
				ORGANIZATIONNAME = "David Goodine";
				TargetAttributes = {
					A8AC598E1BED1C8200DBC78E = {
						CreatedOnToolsVersion = 7.1;
					};
				};
			};
			buildConfigurationList = A8AC598A1BED1C8200DBC78E /* Build configuration list for PBXProject "SloggerConsole" */;
			compatibilityVersion = "Xcode 3.2";
			developmentRegion = English;
			hasScannedForEncodings = 0;
			knownRegions = (
				en,
			);
			mainGroup = A8AC59861BED1C8200DBC78E;
			productRefGroup = A8AC59901BED1C8200DBC78E /* Products */;
			projectDirPath = "";
			projectRoot = "";
			targets = (
				A8AC598E1BED1C8200DBC78E /* SloggerConsole */,
			);
		};
/* End PBXProject section */

/* Begin PBXSourcesBuildPhase section */
		A8AC598B1BED1C8200DBC78E /* Sources */ = {
			isa = PBXSourcesBuildPhase;
			buildActionMask = 2147483647;
			files = (
				A83C5A111BED38F80037B847 /* PerformanceTest.swift in Sources */,
				A83C5A131BED38F80037B847 /* XCodeColorsDecorator.swift in Sources */,
				A8A11D291BEF040200EEEA2B /* Destination.swift in Sources */,
				A83C5A161BED38F80037B847 /* ConsoleDestination.swift in Sources */,
				A8AC59931BED1C8200DBC78E /* main.swift in Sources */,
				A8A11D371BEF08A700EEEA2B /* CSVFileDestination.swift in Sources */,
				A8A11D241BEEED9A00EEEA2B /* JSONFileDestination.swift in Sources */,
				A83C5A121BED38F80037B847 /* Color.swift in Sources */,
				A8A11D251BEEED9A00EEEA2B /* XMLFileDestination.swift in Sources */,
				A8B663431BEF143200F0EB64 /* Generator.swift in Sources */,
				A83C5A181BED38F80037B847 /* TextFileDestination.swift in Sources */,
				A83C5A171BED38F80037B847 /* MemoryDestination.swift in Sources */,
				A83C5A141BED38F80037B847 /* AnsiDecorator.swift in Sources */,
				A8A11D381BEF08A700EEEA2B /* TSVFileDestination.swift in Sources */,
				A83C5A191BED38F80037B847 /* Slogger.swift in Sources */,
			);
			runOnlyForDeploymentPostprocessing = 0;
		};
/* End PBXSourcesBuildPhase section */

/* Begin XCBuildConfiguration section */
		A8AC59941BED1C8200DBC78E /* Debug */ = {
			isa = XCBuildConfiguration;
			buildSettings = {
				ALWAYS_SEARCH_USER_PATHS = NO;
				CLANG_CXX_LANGUAGE_STANDARD = "gnu++0x";
				CLANG_CXX_LIBRARY = "libc++";
				CLANG_ENABLE_MODULES = YES;
				CLANG_ENABLE_OBJC_ARC = YES;
				CLANG_WARN_BOOL_CONVERSION = YES;
				CLANG_WARN_CONSTANT_CONVERSION = YES;
				CLANG_WARN_DIRECT_OBJC_ISA_USAGE = YES_ERROR;
				CLANG_WARN_EMPTY_BODY = YES;
				CLANG_WARN_ENUM_CONVERSION = YES;
				CLANG_WARN_INT_CONVERSION = YES;
				CLANG_WARN_OBJC_ROOT_CLASS = YES_ERROR;
				CLANG_WARN_UNREACHABLE_CODE = YES;
				CLANG_WARN__DUPLICATE_METHOD_MATCH = YES;
				CODE_SIGN_IDENTITY = "-";
				COPY_PHASE_STRIP = NO;
				DEBUG_INFORMATION_FORMAT = dwarf;
				DEPLOYMENT_LOCATION = YES;
				ENABLE_STRICT_OBJC_MSGSEND = YES;
				ENABLE_TESTABILITY = YES;
				GCC_C_LANGUAGE_STANDARD = gnu99;
				GCC_DYNAMIC_NO_PIC = NO;
				GCC_NO_COMMON_BLOCKS = YES;
				GCC_OPTIMIZATION_LEVEL = 0;
				GCC_PREPROCESSOR_DEFINITIONS = (
					"DEBUG=1",
					"$(inherited)",
				);
				GCC_WARN_64_TO_32_BIT_CONVERSION = YES;
				GCC_WARN_ABOUT_RETURN_TYPE = YES_ERROR;
				GCC_WARN_UNDECLARED_SELECTOR = YES;
				GCC_WARN_UNINITIALIZED_AUTOS = YES_AGGRESSIVE;
				GCC_WARN_UNUSED_FUNCTION = YES;
				GCC_WARN_UNUSED_VARIABLE = YES;
				MACOSX_DEPLOYMENT_TARGET = 10.11;
				MTL_ENABLE_DEBUG_INFO = YES;
				ONLY_ACTIVE_ARCH = YES;
				SDKROOT = macosx;
				SWIFT_OPTIMIZATION_LEVEL = "-Onone";
			};
			name = Debug;
		};
		A8AC59951BED1C8200DBC78E /* Release */ = {
			isa = XCBuildConfiguration;
			buildSettings = {
				ALWAYS_SEARCH_USER_PATHS = NO;
				CLANG_CXX_LANGUAGE_STANDARD = "gnu++0x";
				CLANG_CXX_LIBRARY = "libc++";
				CLANG_ENABLE_MODULES = YES;
				CLANG_ENABLE_OBJC_ARC = YES;
				CLANG_WARN_BOOL_CONVERSION = YES;
				CLANG_WARN_CONSTANT_CONVERSION = YES;
				CLANG_WARN_DIRECT_OBJC_ISA_USAGE = YES_ERROR;
				CLANG_WARN_EMPTY_BODY = YES;
				CLANG_WARN_ENUM_CONVERSION = YES;
				CLANG_WARN_INT_CONVERSION = YES;
				CLANG_WARN_OBJC_ROOT_CLASS = YES_ERROR;
				CLANG_WARN_UNREACHABLE_CODE = YES;
				CLANG_WARN__DUPLICATE_METHOD_MATCH = YES;
				CODE_SIGN_IDENTITY = "-";
				COPY_PHASE_STRIP = NO;
				DEBUG_INFORMATION_FORMAT = "dwarf-with-dsym";
				DEPLOYMENT_LOCATION = YES;
				ENABLE_NS_ASSERTIONS = NO;
				ENABLE_STRICT_OBJC_MSGSEND = YES;
				GCC_C_LANGUAGE_STANDARD = gnu99;
				GCC_NO_COMMON_BLOCKS = YES;
				GCC_WARN_64_TO_32_BIT_CONVERSION = YES;
				GCC_WARN_ABOUT_RETURN_TYPE = YES_ERROR;
				GCC_WARN_UNDECLARED_SELECTOR = YES;
				GCC_WARN_UNINITIALIZED_AUTOS = YES_AGGRESSIVE;
				GCC_WARN_UNUSED_FUNCTION = YES;
				GCC_WARN_UNUSED_VARIABLE = YES;
				MACOSX_DEPLOYMENT_TARGET = 10.11;
				MTL_ENABLE_DEBUG_INFO = NO;
				SDKROOT = macosx;
			};
			name = Release;
		};
		A8AC59971BED1C8200DBC78E /* Debug */ = {
			isa = XCBuildConfiguration;
			buildSettings = {
				PRODUCT_NAME = slogger;
			};
			name = Debug;
		};
		A8AC59981BED1C8200DBC78E /* Release */ = {
			isa = XCBuildConfiguration;
			buildSettings = {
				PRODUCT_NAME = slogger;
			};
			name = Release;
		};
/* End XCBuildConfiguration section */

/* Begin XCConfigurationList section */
		A8AC598A1BED1C8200DBC78E /* Build configuration list for PBXProject "SloggerConsole" */ = {
			isa = XCConfigurationList;
			buildConfigurations = (
				A8AC59941BED1C8200DBC78E /* Debug */,
				A8AC59951BED1C8200DBC78E /* Release */,
			);
			defaultConfigurationIsVisible = 0;
			defaultConfigurationName = Release;
		};
		A8AC59961BED1C8200DBC78E /* Build configuration list for PBXNativeTarget "SloggerConsole" */ = {
			isa = XCConfigurationList;
			buildConfigurations = (
				A8AC59971BED1C8200DBC78E /* Debug */,
				A8AC59981BED1C8200DBC78E /* Release */,
			);
			defaultConfigurationIsVisible = 0;
			defaultConfigurationName = Release;
		};
/* End XCConfigurationList section */
	};
	rootObject = A8AC59871BED1C8200DBC78E /* Project object */;
}
