// !$*UTF8*$!
{
	archiveVersion = 1;
	classes = {
	};
	objectVersion = 46;
	objects = {

/* Begin PBXBuildFile section */
		A82064121BE658E000296CFF /* Slogger.framework in Frameworks */ = {isa = PBXBuildFile; fileRef = A82064091BE658D500296CFF /* Slogger.framework */; };
		A82064131BE658E000296CFF /* Slogger.framework in Embed Frameworks */ = {isa = PBXBuildFile; fileRef = A82064091BE658D500296CFF /* Slogger.framework */; settings = {ATTRIBUTES = (CodeSignOnCopy, RemoveHeadersOnCopy, ); }; };
		A82633261BE2151700293716 /* AppDelegate.swift in Sources */ = {isa = PBXBuildFile; fileRef = A82633251BE2151700293716 /* AppDelegate.swift */; };
		A82633281BE2151700293716 /* ViewController.swift in Sources */ = {isa = PBXBuildFile; fileRef = A82633271BE2151700293716 /* ViewController.swift */; };
		A826332B1BE2151700293716 /* Main.storyboard in Resources */ = {isa = PBXBuildFile; fileRef = A82633291BE2151700293716 /* Main.storyboard */; };
		A826332D1BE2151700293716 /* Assets.xcassets in Resources */ = {isa = PBXBuildFile; fileRef = A826332C1BE2151700293716 /* Assets.xcassets */; };
		A82633301BE2151700293716 /* LaunchScreen.storyboard in Resources */ = {isa = PBXBuildFile; fileRef = A826332E1BE2151700293716 /* LaunchScreen.storyboard */; };
/* End PBXBuildFile section */

/* Begin PBXContainerItemProxy section */
		A82064081BE658D500296CFF /* PBXContainerItemProxy */ = {
			isa = PBXContainerItemProxy;
			containerPortal = A82064001BE658D500296CFF /* Slogger.xcodeproj */;
			proxyType = 2;
			remoteGlobalIDString = A83C79D61BD6636800DA9F07;
			remoteInfo = Slogger;
		};
		A820640A1BE658D500296CFF /* PBXContainerItemProxy */ = {
			isa = PBXContainerItemProxy;
			containerPortal = A82064001BE658D500296CFF /* Slogger.xcodeproj */;
			proxyType = 2;
			remoteGlobalIDString = A83C79E01BD6636800DA9F07;
			remoteInfo = SloggerTests;
		};
		A820640C1BE658D500296CFF /* PBXContainerItemProxy */ = {
			isa = PBXContainerItemProxy;
			containerPortal = A82064001BE658D500296CFF /* Slogger.xcodeproj */;
			proxyType = 2;
			remoteGlobalIDString = A85BFC441BDD4622008D1F1E;
			remoteInfo = SloggerOSX;
		};
		A820640E1BE658D500296CFF /* PBXContainerItemProxy */ = {
			isa = PBXContainerItemProxy;
			containerPortal = A82064001BE658D500296CFF /* Slogger.xcodeproj */;
			proxyType = 2;
			remoteGlobalIDString = A85BFC4D1BDD4622008D1F1E;
			remoteInfo = SloggerOSXTests;
		};
		A82064101BE658D500296CFF /* PBXContainerItemProxy */ = {
			isa = PBXContainerItemProxy;
			containerPortal = A82064001BE658D500296CFF /* Slogger.xcodeproj */;
			proxyType = 2;
			remoteGlobalIDString = A85BFC6B1BDD4B63008D1F1E;
			remoteInfo = SloggerWatch;
		};
		A82064141BE658E000296CFF /* PBXContainerItemProxy */ = {
			isa = PBXContainerItemProxy;
			containerPortal = A82064001BE658D500296CFF /* Slogger.xcodeproj */;
			proxyType = 1;
			remoteGlobalIDString = A83C79D51BD6636800DA9F07;
			remoteInfo = Slogger;
		};
		A833E3221D8D6D9D00469D75 /* PBXContainerItemProxy */ = {
			isa = PBXContainerItemProxy;
			containerPortal = A82064001BE658D500296CFF /* Slogger.xcodeproj */;
			proxyType = 2;
			remoteGlobalIDString = A8BD8C411BEFC61600349EDD;
			remoteInfo = SloggerTV;
		};
		A833E3241D8D6D9D00469D75 /* PBXContainerItemProxy */ = {
			isa = PBXContainerItemProxy;
			containerPortal = A82064001BE658D500296CFF /* Slogger.xcodeproj */;
			proxyType = 2;
			remoteGlobalIDString = A8BD8C4A1BEFC61600349EDD;
			remoteInfo = SloggerTVTests;
		};
/* End PBXContainerItemProxy section */

/* Begin PBXCopyFilesBuildPhase section */
		A8067F8B1BE21BDC0052165C /* Embed Frameworks */ = {
			isa = PBXCopyFilesBuildPhase;
			buildActionMask = 2147483647;
			dstPath = "";
			dstSubfolderSpec = 10;
			files = (
				A82064131BE658E000296CFF /* Slogger.framework in Embed Frameworks */,
			);
			name = "Embed Frameworks";
			runOnlyForDeploymentPostprocessing = 0;
		};
/* End PBXCopyFilesBuildPhase section */

/* Begin PBXFileReference section */
		A82064001BE658D500296CFF /* Slogger.xcodeproj */ = {isa = PBXFileReference; lastKnownFileType = "wrapper.pb-project"; name = Slogger.xcodeproj; path = ../Slogger/Slogger.xcodeproj; sourceTree = "<group>"; };
		A82633221BE2151700293716 /* SloggerPerformanceIOS.app */ = {isa = PBXFileReference; explicitFileType = wrapper.application; includeInIndex = 0; path = SloggerPerformanceIOS.app; sourceTree = BUILT_PRODUCTS_DIR; };
		A82633251BE2151700293716 /* AppDelegate.swift */ = {isa = PBXFileReference; lastKnownFileType = sourcecode.swift; path = AppDelegate.swift; sourceTree = "<group>"; };
		A82633271BE2151700293716 /* ViewController.swift */ = {isa = PBXFileReference; lastKnownFileType = sourcecode.swift; path = ViewController.swift; sourceTree = "<group>"; };
		A826332A1BE2151700293716 /* Base */ = {isa = PBXFileReference; lastKnownFileType = file.storyboard; name = Base; path = Base.lproj/Main.storyboard; sourceTree = "<group>"; };
		A826332C1BE2151700293716 /* Assets.xcassets */ = {isa = PBXFileReference; lastKnownFileType = folder.assetcatalog; path = Assets.xcassets; sourceTree = "<group>"; };
		A826332F1BE2151700293716 /* Base */ = {isa = PBXFileReference; lastKnownFileType = file.storyboard; name = Base; path = Base.lproj/LaunchScreen.storyboard; sourceTree = "<group>"; };
		A82633311BE2151700293716 /* Info.plist */ = {isa = PBXFileReference; lastKnownFileType = text.plist.xml; path = Info.plist; sourceTree = "<group>"; };
/* End PBXFileReference section */

/* Begin PBXFrameworksBuildPhase section */
		A826331F1BE2151700293716 /* Frameworks */ = {
			isa = PBXFrameworksBuildPhase;
			buildActionMask = 2147483647;
			files = (
				A82064121BE658E000296CFF /* Slogger.framework in Frameworks */,
			);
			runOnlyForDeploymentPostprocessing = 0;
		};
/* End PBXFrameworksBuildPhase section */

/* Begin PBXGroup section */
		A82064011BE658D500296CFF /* Products */ = {
			isa = PBXGroup;
			children = (
				A82064091BE658D500296CFF /* Slogger.framework */,
				A820640B1BE658D500296CFF /* SloggerTests.xctest */,
				A820640D1BE658D500296CFF /* SloggerOSX.framework */,
				A820640F1BE658D500296CFF /* SloggerOSXTests.xctest */,
				A82064111BE658D500296CFF /* SloggerWatch.framework */,
				A833E3231D8D6D9D00469D75 /* SloggerTV.framework */,
				A833E3251D8D6D9D00469D75 /* SloggerTVTests.xctest */,
			);
			name = Products;
			sourceTree = "<group>";
		};
		A82633191BE2151700293716 = {
			isa = PBXGroup;
			children = (
				A82633241BE2151700293716 /* SloggerPerformanceIOS */,
				A82064001BE658D500296CFF /* Slogger.xcodeproj */,
				A82633231BE2151700293716 /* Products */,
			);
			sourceTree = "<group>";
		};
		A82633231BE2151700293716 /* Products */ = {
			isa = PBXGroup;
			children = (
				A82633221BE2151700293716 /* SloggerPerformanceIOS.app */,
			);
			name = Products;
			sourceTree = "<group>";
		};
		A82633241BE2151700293716 /* SloggerPerformanceIOS */ = {
			isa = PBXGroup;
			children = (
				A82633251BE2151700293716 /* AppDelegate.swift */,
				A82633271BE2151700293716 /* ViewController.swift */,
				A82633291BE2151700293716 /* Main.storyboard */,
				A826332C1BE2151700293716 /* Assets.xcassets */,
				A826332E1BE2151700293716 /* LaunchScreen.storyboard */,
				A82633311BE2151700293716 /* Info.plist */,
			);
			path = SloggerPerformanceIOS;
			sourceTree = "<group>";
		};
/* End PBXGroup section */

/* Begin PBXNativeTarget section */
		A82633211BE2151700293716 /* SloggerPerformanceIOS */ = {
			isa = PBXNativeTarget;
			buildConfigurationList = A82633341BE2151700293716 /* Build configuration list for PBXNativeTarget "SloggerPerformanceIOS" */;
			buildPhases = (
				A826331E1BE2151700293716 /* Sources */,
				A826331F1BE2151700293716 /* Frameworks */,
				A82633201BE2151700293716 /* Resources */,
				A8067F8B1BE21BDC0052165C /* Embed Frameworks */,
			);
			buildRules = (
			);
			dependencies = (
				A82064151BE658E000296CFF /* PBXTargetDependency */,
			);
			name = SloggerPerformanceIOS;
			productName = SloggerPerformanceIOS;
			productReference = A82633221BE2151700293716 /* SloggerPerformanceIOS.app */;
			productType = "com.apple.product-type.application";
		};
/* End PBXNativeTarget section */

/* Begin PBXProject section */
		A826331A1BE2151700293716 /* Project object */ = {
			isa = PBXProject;
			attributes = {
				LastSwiftUpdateCheck = 0710;
				LastUpgradeCheck = 1030;
				ORGANIZATIONNAME = "David Goodine";
				TargetAttributes = {
					A82633211BE2151700293716 = {
						CreatedOnToolsVersion = 7.1;
						DevelopmentTeam = S952SW365U;
						LastSwiftMigration = 0800;
						ProvisioningStyle = Automatic;
					};
				};
			};
			buildConfigurationList = A826331D1BE2151700293716 /* Build configuration list for PBXProject "SloggerPerformanceIOS" */;
			compatibilityVersion = "Xcode 3.2";
			developmentRegion = en;
			hasScannedForEncodings = 0;
			knownRegions = (
				en,
				Base,
			);
			mainGroup = A82633191BE2151700293716;
			productRefGroup = A82633231BE2151700293716 /* Products */;
			projectDirPath = "";
			projectReferences = (
				{
					ProductGroup = A82064011BE658D500296CFF /* Products */;
					ProjectRef = A82064001BE658D500296CFF /* Slogger.xcodeproj */;
				},
			);
			projectRoot = "";
			targets = (
				A82633211BE2151700293716 /* SloggerPerformanceIOS */,
			);
		};
/* End PBXProject section */

/* Begin PBXReferenceProxy section */
		A82064091BE658D500296CFF /* Slogger.framework */ = {
			isa = PBXReferenceProxy;
			fileType = wrapper.framework;
			path = Slogger.framework;
			remoteRef = A82064081BE658D500296CFF /* PBXContainerItemProxy */;
			sourceTree = BUILT_PRODUCTS_DIR;
		};
		A820640B1BE658D500296CFF /* SloggerTests.xctest */ = {
			isa = PBXReferenceProxy;
			fileType = wrapper.cfbundle;
			path = SloggerTests.xctest;
			remoteRef = A820640A1BE658D500296CFF /* PBXContainerItemProxy */;
			sourceTree = BUILT_PRODUCTS_DIR;
		};
		A820640D1BE658D500296CFF /* SloggerOSX.framework */ = {
			isa = PBXReferenceProxy;
			fileType = wrapper.framework;
			path = SloggerOSX.framework;
			remoteRef = A820640C1BE658D500296CFF /* PBXContainerItemProxy */;
			sourceTree = BUILT_PRODUCTS_DIR;
		};
		A820640F1BE658D500296CFF /* SloggerOSXTests.xctest */ = {
			isa = PBXReferenceProxy;
			fileType = wrapper.cfbundle;
			path = SloggerOSXTests.xctest;
			remoteRef = A820640E1BE658D500296CFF /* PBXContainerItemProxy */;
			sourceTree = BUILT_PRODUCTS_DIR;
		};
		A82064111BE658D500296CFF /* SloggerWatch.framework */ = {
			isa = PBXReferenceProxy;
			fileType = wrapper.framework;
			path = SloggerWatch.framework;
			remoteRef = A82064101BE658D500296CFF /* PBXContainerItemProxy */;
			sourceTree = BUILT_PRODUCTS_DIR;
		};
		A833E3231D8D6D9D00469D75 /* SloggerTV.framework */ = {
			isa = PBXReferenceProxy;
			fileType = wrapper.framework;
			path = SloggerTV.framework;
			remoteRef = A833E3221D8D6D9D00469D75 /* PBXContainerItemProxy */;
			sourceTree = BUILT_PRODUCTS_DIR;
		};
		A833E3251D8D6D9D00469D75 /* SloggerTVTests.xctest */ = {
			isa = PBXReferenceProxy;
			fileType = wrapper.cfbundle;
			path = SloggerTVTests.xctest;
			remoteRef = A833E3241D8D6D9D00469D75 /* PBXContainerItemProxy */;
			sourceTree = BUILT_PRODUCTS_DIR;
		};
/* End PBXReferenceProxy section */

/* Begin PBXResourcesBuildPhase section */
		A82633201BE2151700293716 /* Resources */ = {
			isa = PBXResourcesBuildPhase;
			buildActionMask = 2147483647;
			files = (
				A82633301BE2151700293716 /* LaunchScreen.storyboard in Resources */,
				A826332D1BE2151700293716 /* Assets.xcassets in Resources */,
				A826332B1BE2151700293716 /* Main.storyboard in Resources */,
			);
			runOnlyForDeploymentPostprocessing = 0;
		};
/* End PBXResourcesBuildPhase section */

/* Begin PBXSourcesBuildPhase section */
		A826331E1BE2151700293716 /* Sources */ = {
			isa = PBXSourcesBuildPhase;
			buildActionMask = 2147483647;
			files = (
				A82633281BE2151700293716 /* ViewController.swift in Sources */,
				A82633261BE2151700293716 /* AppDelegate.swift in Sources */,
			);
			runOnlyForDeploymentPostprocessing = 0;
		};
/* End PBXSourcesBuildPhase section */

/* Begin PBXTargetDependency section */
		A82064151BE658E000296CFF /* PBXTargetDependency */ = {
			isa = PBXTargetDependency;
			name = Slogger;
			targetProxy = A82064141BE658E000296CFF /* PBXContainerItemProxy */;
		};
/* End PBXTargetDependency section */

/* Begin PBXVariantGroup section */
		A82633291BE2151700293716 /* Main.storyboard */ = {
			isa = PBXVariantGroup;
			children = (
				A826332A1BE2151700293716 /* Base */,
			);
			name = Main.storyboard;
			sourceTree = "<group>";
		};
		A826332E1BE2151700293716 /* LaunchScreen.storyboard */ = {
			isa = PBXVariantGroup;
			children = (
				A826332F1BE2151700293716 /* Base */,
			);
			name = LaunchScreen.storyboard;
			sourceTree = "<group>";
		};
/* End PBXVariantGroup section */

/* Begin XCBuildConfiguration section */
		A82633321BE2151700293716 /* Debug */ = {
			isa = XCBuildConfiguration;
			buildSettings = {
				ALWAYS_SEARCH_USER_PATHS = NO;
				CLANG_ANALYZER_LOCALIZABILITY_NONLOCALIZED = YES;
				CLANG_CXX_LANGUAGE_STANDARD = "gnu++0x";
				CLANG_CXX_LIBRARY = "libc++";
				CLANG_ENABLE_MODULES = YES;
				CLANG_ENABLE_OBJC_ARC = YES;
				CLANG_WARN_BLOCK_CAPTURE_AUTORELEASING = YES;
				CLANG_WARN_BOOL_CONVERSION = YES;
				CLANG_WARN_COMMA = YES;
				CLANG_WARN_CONSTANT_CONVERSION = YES;
				CLANG_WARN_DEPRECATED_OBJC_IMPLEMENTATIONS = YES;
				CLANG_WARN_DIRECT_OBJC_ISA_USAGE = YES_ERROR;
				CLANG_WARN_EMPTY_BODY = YES;
				CLANG_WARN_ENUM_CONVERSION = YES;
				CLANG_WARN_INFINITE_RECURSION = YES;
				CLANG_WARN_INT_CONVERSION = YES;
				CLANG_WARN_NON_LITERAL_NULL_CONVERSION = YES;
				CLANG_WARN_OBJC_IMPLICIT_RETAIN_SELF = YES;
				CLANG_WARN_OBJC_LITERAL_CONVERSION = YES;
				CLANG_WARN_OBJC_ROOT_CLASS = YES_ERROR;
				CLANG_WARN_RANGE_LOOP_ANALYSIS = YES;
				CLANG_WARN_STRICT_PROTOTYPES = YES;
				CLANG_WARN_SUSPICIOUS_MOVE = YES;
				CLANG_WARN_UNREACHABLE_CODE = YES;
				CLANG_WARN__DUPLICATE_METHOD_MATCH = YES;
				"CODE_SIGN_IDENTITY[sdk=iphoneos*]" = "iPhone Developer";
				COPY_PHASE_STRIP = NO;
				DEBUG_INFORMATION_FORMAT = dwarf;
				ENABLE_STRICT_OBJC_MSGSEND = YES;
				ENABLE_TESTABILITY = YES;
				GCC_C_LANGUAGE_STANDARD = gnu99;
				GCC_DYNAMIC_NO_PIC = NO;
				GCC_NO_COMMON_BLOCKS = YES;
				GCC_OPTIMIZATION_LEVEL = 0;
				GCC_PREPROCESSOR_DEFINITIONS = (
					"DEBUG=1",
					"$(inherited)",
				);
				GCC_WARN_64_TO_32_BIT_CONVERSION = YES;
				GCC_WARN_ABOUT_RETURN_TYPE = YES_ERROR;
				GCC_WARN_UNDECLARED_SELECTOR = YES;
				GCC_WARN_UNINITIALIZED_AUTOS = YES_AGGRESSIVE;
				GCC_WARN_UNUSED_FUNCTION = YES;
				GCC_WARN_UNUSED_VARIABLE = YES;
				IPHONEOS_DEPLOYMENT_TARGET = 11.4;
				MTL_ENABLE_DEBUG_INFO = YES;
				ONLY_ACTIVE_ARCH = YES;
				SDKROOT = iphoneos;
				SWIFT_OPTIMIZATION_LEVEL = "-Onone";
				SWIFT_VERSION = 5.0;
				TARGETED_DEVICE_FAMILY = "1,2";
			};
			name = Debug;
		};
		A82633331BE2151700293716 /* Release */ = {
			isa = XCBuildConfiguration;
			buildSettings = {
				ALWAYS_SEARCH_USER_PATHS = NO;
				CLANG_ANALYZER_LOCALIZABILITY_NONLOCALIZED = YES;
				CLANG_CXX_LANGUAGE_STANDARD = "gnu++0x";
				CLANG_CXX_LIBRARY = "libc++";
				CLANG_ENABLE_MODULES = YES;
				CLANG_ENABLE_OBJC_ARC = YES;
				CLANG_WARN_BLOCK_CAPTURE_AUTORELEASING = YES;
				CLANG_WARN_BOOL_CONVERSION = YES;
				CLANG_WARN_COMMA = YES;
				CLANG_WARN_CONSTANT_CONVERSION = YES;
				CLANG_WARN_DEPRECATED_OBJC_IMPLEMENTATIONS = YES;
				CLANG_WARN_DIRECT_OBJC_ISA_USAGE = YES_ERROR;
				CLANG_WARN_EMPTY_BODY = YES;
				CLANG_WARN_ENUM_CONVERSION = YES;
				CLANG_WARN_INFINITE_RECURSION = YES;
				CLANG_WARN_INT_CONVERSION = YES;
				CLANG_WARN_NON_LITERAL_NULL_CONVERSION = YES;
				CLANG_WARN_OBJC_IMPLICIT_RETAIN_SELF = YES;
				CLANG_WARN_OBJC_LITERAL_CONVERSION = YES;
				CLANG_WARN_OBJC_ROOT_CLASS = YES_ERROR;
				CLANG_WARN_RANGE_LOOP_ANALYSIS = YES;
				CLANG_WARN_STRICT_PROTOTYPES = YES;
				CLANG_WARN_SUSPICIOUS_MOVE = YES;
				CLANG_WARN_UNREACHABLE_CODE = YES;
				CLANG_WARN__DUPLICATE_METHOD_MATCH = YES;
				"CODE_SIGN_IDENTITY[sdk=iphoneos*]" = "iPhone Developer";
				COPY_PHASE_STRIP = NO;
				DEBUG_INFORMATION_FORMAT = "dwarf-with-dsym";
				ENABLE_NS_ASSERTIONS = NO;
				ENABLE_STRICT_OBJC_MSGSEND = YES;
				GCC_C_LANGUAGE_STANDARD = gnu99;
				GCC_NO_COMMON_BLOCKS = YES;
				GCC_WARN_64_TO_32_BIT_CONVERSION = YES;
				GCC_WARN_ABOUT_RETURN_TYPE = YES_ERROR;
				GCC_WARN_UNDECLARED_SELECTOR = YES;
				GCC_WARN_UNINITIALIZED_AUTOS = YES_AGGRESSIVE;
				GCC_WARN_UNUSED_FUNCTION = YES;
				GCC_WARN_UNUSED_VARIABLE = YES;
				IPHONEOS_DEPLOYMENT_TARGET = 11.4;
				MTL_ENABLE_DEBUG_INFO = NO;
				SDKROOT = iphoneos;
				SWIFT_OPTIMIZATION_LEVEL = "-Owholemodule";
				SWIFT_VERSION = 5.0;
				TARGETED_DEVICE_FAMILY = "1,2";
				VALIDATE_PRODUCT = YES;
			};
			name = Release;
		};
		A82633351BE2151700293716 /* Debug */ = {
			isa = XCBuildConfiguration;
			buildSettings = {
				ALWAYS_EMBED_SWIFT_STANDARD_LIBRARIES = YES;
				ASSETCATALOG_COMPILER_APPICON_NAME = AppIcon;
				CODE_SIGN_IDENTITY = "iPhone Developer";
				CODE_SIGN_STYLE = Automatic;
				DEVELOPMENT_TEAM = S952SW365U;
				INFOPLIST_FILE = SloggerPerformanceIOS/Info.plist;
				IPHONEOS_DEPLOYMENT_TARGET = 8.0;
				LD_RUNPATH_SEARCH_PATHS = "$(inherited) @executable_path/Frameworks";
				PRODUCT_BUNDLE_IDENTIFIER = com.davidgoodine.SloggerPerformanceIOS;
				PRODUCT_NAME = "$(TARGET_NAME)";
				PROVISIONING_PROFILE_SPECIFIER = "";
				SWIFT_VERSION = 5.0;
			};
			name = Debug;
		};
		A82633361BE2151700293716 /* Release */ = {
			isa = XCBuildConfiguration;
			buildSettings = {
				ALWAYS_EMBED_SWIFT_STANDARD_LIBRARIES = YES;
				ASSETCATALOG_COMPILER_APPICON_NAME = AppIcon;
				CODE_SIGN_IDENTITY = "iPhone Developer";
				CODE_SIGN_STYLE = Automatic;
				DEVELOPMENT_TEAM = S952SW365U;
				INFOPLIST_FILE = SloggerPerformanceIOS/Info.plist;
				IPHONEOS_DEPLOYMENT_TARGET = 8.0;
				LD_RUNPATH_SEARCH_PATHS = "$(inherited) @executable_path/Frameworks";
				PRODUCT_BUNDLE_IDENTIFIER = com.davidgoodine.SloggerPerformanceIOS;
				PRODUCT_NAME = "$(TARGET_NAME)";
				PROVISIONING_PROFILE_SPECIFIER = "";
				SWIFT_VERSION = 5.0;
			};
			name = Release;
		};
/* End XCBuildConfiguration section */

/* Begin XCConfigurationList section */
		A826331D1BE2151700293716 /* Build configuration list for PBXProject "SloggerPerformanceIOS" */ = {
			isa = XCConfigurationList;
			buildConfigurations = (
				A82633321BE2151700293716 /* Debug */,
				A82633331BE2151700293716 /* Release */,
			);
			defaultConfigurationIsVisible = 0;
			defaultConfigurationName = Release;
		};
		A82633341BE2151700293716 /* Build configuration list for PBXNativeTarget "SloggerPerformanceIOS" */ = {
			isa = XCConfigurationList;
			buildConfigurations = (
				A82633351BE2151700293716 /* Debug */,
				A82633361BE2151700293716 /* Release */,
			);
			defaultConfigurationIsVisible = 0;
			defaultConfigurationName = Release;
		};
/* End XCConfigurationList section */
	};
	rootObject = A826331A1BE2151700293716 /* Project object */;
}
